// !$*UTF8*$!
{
	archiveVersion = 1;
	classes = {
	};
	objectVersion = 46;
	objects = {

/* Begin PBXBuildFile section */
		ED009DFA1986224100D8C9EA /* Foundation.framework in Frameworks */ = {isa = PBXBuildFile; fileRef = ED009DF91986224100D8C9EA /* Foundation.framework */; };
		ED009DFC1986224100D8C9EA /* CoreGraphics.framework in Frameworks */ = {isa = PBXBuildFile; fileRef = ED009DFB1986224100D8C9EA /* CoreGraphics.framework */; };
		ED009DFE1986224100D8C9EA /* UIKit.framework in Frameworks */ = {isa = PBXBuildFile; fileRef = ED009DFD1986224100D8C9EA /* UIKit.framework */; };
		ED009E041986224100D8C9EA /* InfoPlist.strings in Resources */ = {isa = PBXBuildFile; fileRef = ED009E021986224100D8C9EA /* InfoPlist.strings */; };
		ED009E061986224100D8C9EA /* main.m in Sources */ = {isa = PBXBuildFile; fileRef = ED009E051986224100D8C9EA /* main.m */; };
		ED009E151986224200D8C9EA /* Images.xcassets in Resources */ = {isa = PBXBuildFile; fileRef = ED009E141986224200D8C9EA /* Images.xcassets */; };
		ED009E1C1986224200D8C9EA /* XCTest.framework in Frameworks */ = {isa = PBXBuildFile; fileRef = ED009E1B1986224200D8C9EA /* XCTest.framework */; };
		ED009E1D1986224200D8C9EA /* Foundation.framework in Frameworks */ = {isa = PBXBuildFile; fileRef = ED009DF91986224100D8C9EA /* Foundation.framework */; };
		ED009E1E1986224200D8C9EA /* UIKit.framework in Frameworks */ = {isa = PBXBuildFile; fileRef = ED009DFD1986224100D8C9EA /* UIKit.framework */; };
		ED009E261986224200D8C9EA /* InfoPlist.strings in Resources */ = {isa = PBXBuildFile; fileRef = ED009E241986224200D8C9EA /* InfoPlist.strings */; };
		ED009E281986224200D8C9EA /* TyphoonTrackerTests.m in Sources */ = {isa = PBXBuildFile; fileRef = ED009E271986224200D8C9EA /* TyphoonTrackerTests.m */; };
		ED009E321986232B00D8C9EA /* MapKit.framework in Frameworks */ = {isa = PBXBuildFile; fileRef = ED009E311986232B00D8C9EA /* MapKit.framework */; };
		ED009E341986233300D8C9EA /* CoreLocation.framework in Frameworks */ = {isa = PBXBuildFile; fileRef = ED009E331986233300D8C9EA /* CoreLocation.framework */; };
		ED009E361986233A00D8C9EA /* libsqlite3.0.dylib in Frameworks */ = {isa = PBXBuildFile; fileRef = ED009E351986233A00D8C9EA /* libsqlite3.0.dylib */; };
		ED009E381986239200D8C9EA /* Social.framework in Frameworks */ = {isa = PBXBuildFile; fileRef = ED009E371986239200D8C9EA /* Social.framework */; };
		ED009E3A1986239800D8C9EA /* MessageUI.framework in Frameworks */ = {isa = PBXBuildFile; fileRef = ED009E391986239800D8C9EA /* MessageUI.framework */; };
		ED009E3C198623A900D8C9EA /* QuartzCore.framework in Frameworks */ = {isa = PBXBuildFile; fileRef = ED009E3B198623A900D8C9EA /* QuartzCore.framework */; };
		ED009E3E198628A500D8C9EA /* MediaPlayer.framework in Frameworks */ = {isa = PBXBuildFile; fileRef = ED009E3D198628A500D8C9EA /* MediaPlayer.framework */; };
		ED009F4B19862A8100D8C9EA /* Gotham-Black.otf in Resources */ = {isa = PBXBuildFile; fileRef = ED009F4519862A8100D8C9EA /* Gotham-Black.otf */; };
		ED009F4C19862A8100D8C9EA /* Gotham-Bold.otf in Resources */ = {isa = PBXBuildFile; fileRef = ED009F4619862A8100D8C9EA /* Gotham-Bold.otf */; };
		ED009F4D19862A8100D8C9EA /* Gotham-BoldItalic.otf in Resources */ = {isa = PBXBuildFile; fileRef = ED009F4719862A8100D8C9EA /* Gotham-BoldItalic.otf */; };
		ED009F4E19862A8100D8C9EA /* Gotham-Book.otf in Resources */ = {isa = PBXBuildFile; fileRef = ED009F4819862A8100D8C9EA /* Gotham-Book.otf */; };
		ED2493AC19F5057C00E45FD9 /* dt_typhoon_track_no_typhoon.png in Resources */ = {isa = PBXBuildFile; fileRef = ED2493AB19F5057C00E45FD9 /* dt_typhoon_track_no_typhoon.png */; };
		ED89E752198CA4B200B7CC1E /* SystemConfiguration.framework in Frameworks */ = {isa = PBXBuildFile; fileRef = ED89E751198CA4B200B7CC1E /* SystemConfiguration.framework */; };
		ED9E94D2199CADB10019D417 /* AboutPageViewController.m in Sources */ = {isa = PBXBuildFile; fileRef = ED9E941A199CADB10019D417 /* AboutPageViewController.m */; };
		ED9E94D3199CADB10019D417 /* AppDelegate.m in Sources */ = {isa = PBXBuildFile; fileRef = ED9E941D199CADB10019D417 /* AppDelegate.m */; };
		ED9E94D4199CADB10019D417 /* LoaderViewController.m in Sources */ = {isa = PBXBuildFile; fileRef = ED9E941F199CADB10019D417 /* LoaderViewController.m */; };
		ED9E9500199CADB10019D417 /* EarthVideoViewController.m in Sources */ = {isa = PBXBuildFile; fileRef = ED9E94B3199CADB10019D417 /* EarthVideoViewController.m */; };
		ED9E9501199CADB10019D417 /* EarthWindMapViewController.m in Sources */ = {isa = PBXBuildFile; fileRef = ED9E94B5199CADB10019D417 /* EarthWindMapViewController.m */; };
		ED9E9503199CADB10019D417 /* ViewController.m in Sources */ = {isa = PBXBuildFile; fileRef = ED9E94BC199CADB10019D417 /* ViewController.m */; };
		ED9E9504199CADB10019D417 /* Main_iPad.storyboard in Resources */ = {isa = PBXBuildFile; fileRef = ED9E94BE199CADB10019D417 /* Main_iPad.storyboard */; };
		ED9E9505199CADB10019D417 /* Main_iPhone.storyboard in Resources */ = {isa = PBXBuildFile; fileRef = ED9E94BF199CADB10019D417 /* Main_iPhone.storyboard */; };
		ED9E9506199CADB10019D417 /* TyphoonTrackImageCell.xib in Resources */ = {isa = PBXBuildFile; fileRef = ED9E94C2199CADB10019D417 /* TyphoonTrackImageCell.xib */; };
		ED9E9507199CADB10019D417 /* TyphoonTrackImageCelliPad.xib in Resources */ = {isa = PBXBuildFile; fileRef = ED9E94C3199CADB10019D417 /* TyphoonTrackImageCelliPad.xib */; };
		ED9E9508199CADB10019D417 /* CustomAnnotationView.m in Sources */ = {isa = PBXBuildFile; fileRef = ED9E94C6199CADB10019D417 /* CustomAnnotationView.m */; };
		ED9E9509199CADB10019D417 /* MyAnnotation.m in Sources */ = {isa = PBXBuildFile; fileRef = ED9E94C8199CADB10019D417 /* MyAnnotation.m */; };
		ED9E950A199CADB10019D417 /* MainViewController.m in Sources */ = {isa = PBXBuildFile; fileRef = ED9E94CB199CADB10019D417 /* MainViewController.m */; };
		ED9E950D199CADB10019D417 /* WeatherDetailViewController.m in Sources */ = {isa = PBXBuildFile; fileRef = ED9E94D1199CADB10019D417 /* WeatherDetailViewController.m */; };
		ED9E950F199CAEFB0019D417 /* SpriteKit.framework in Frameworks */ = {isa = PBXBuildFile; fileRef = ED9E950E199CAEFB0019D417 /* SpriteKit.framework */; };
		EDA3157F19E561DC00F4EDE2 /* TyphoonFacts.m in Sources */ = {isa = PBXBuildFile; fileRef = EDA3157E19E561DC00F4EDE2 /* TyphoonFacts.m */; };
		EDA8230819E7D03000540F02 /* di_dungeon_logo_400x400.jpg in Resources */ = {isa = PBXBuildFile; fileRef = EDA822D019E7D03000540F02 /* di_dungeon_logo_400x400.jpg */; };
		EDA8230919E7D03000540F02 /* dt_earth.jpg in Resources */ = {isa = PBXBuildFile; fileRef = EDA822D119E7D03000540F02 /* dt_earth.jpg */; };
		EDA8230A19E7D03000540F02 /* dt_typhoon_track.png in Resources */ = {isa = PBXBuildFile; fileRef = EDA822D219E7D03000540F02 /* dt_typhoon_track.png */; };
		EDA8230B19E7D03000540F02 /* ic_about.png in Resources */ = {isa = PBXBuildFile; fileRef = EDA822D319E7D03000540F02 /* ic_about.png */; };
		EDA8230C19E7D03000540F02 /* ic_about_white.png in Resources */ = {isa = PBXBuildFile; fileRef = EDA822D419E7D03000540F02 /* ic_about_white.png */; };
		EDA8230D19E7D03000540F02 /* ic_arrow_down.png in Resources */ = {isa = PBXBuildFile; fileRef = EDA822D519E7D03000540F02 /* ic_arrow_down.png */; };
		EDA8230E19E7D03000540F02 /* ic_arrow_left.png in Resources */ = {isa = PBXBuildFile; fileRef = EDA822D619E7D03000540F02 /* ic_arrow_left.png */; };
		EDA8230F19E7D03000540F02 /* ic_arrow_right.png in Resources */ = {isa = PBXBuildFile; fileRef = EDA822D719E7D03000540F02 /* ic_arrow_right.png */; };
		EDA8231019E7D03000540F02 /* ic_arrow_up.png in Resources */ = {isa = PBXBuildFile; fileRef = EDA822D819E7D03000540F02 /* ic_arrow_up.png */; };
		EDA8231119E7D03000540F02 /* ic_calendar.png in Resources */ = {isa = PBXBuildFile; fileRef = EDA822D919E7D03000540F02 /* ic_calendar.png */; };
		EDA8231219E7D03000540F02 /* ic_close.png in Resources */ = {isa = PBXBuildFile; fileRef = EDA822DA19E7D03000540F02 /* ic_close.png */; };
		EDA8231319E7D03000540F02 /* ic_cool.png in Resources */ = {isa = PBXBuildFile; fileRef = EDA822DB19E7D03000540F02 /* ic_cool.png */; };
		EDA8231419E7D03000540F02 /* ic_cool2.png in Resources */ = {isa = PBXBuildFile; fileRef = EDA822DC19E7D03000540F02 /* ic_cool2.png */; };
		EDA8231519E7D03000540F02 /* ic_email.png in Resources */ = {isa = PBXBuildFile; fileRef = EDA822DD19E7D03000540F02 /* ic_email.png */; };
		EDA8231619E7D03000540F02 /* ic_facebook.png in Resources */ = {isa = PBXBuildFile; fileRef = EDA822DE19E7D03000540F02 /* ic_facebook.png */; };
		EDA8231719E7D03000540F02 /* ic_facebook_black.png in Resources */ = {isa = PBXBuildFile; fileRef = EDA822DF19E7D03000540F02 /* ic_facebook_black.png */; };
		EDA8231819E7D03000540F02 /* ic_google_plus.png in Resources */ = {isa = PBXBuildFile; fileRef = EDA822E019E7D03000540F02 /* ic_google_plus.png */; };
		EDA8231919E7D03000540F02 /* ic_home.png in Resources */ = {isa = PBXBuildFile; fileRef = EDA822E119E7D03000540F02 /* ic_home.png */; };
		EDA8231A19E7D03000540F02 /* ic_info.png in Resources */ = {isa = PBXBuildFile; fileRef = EDA822E219E7D03000540F02 /* ic_info.png */; };
		EDA8231B19E7D03000540F02 /* ic_list.png in Resources */ = {isa = PBXBuildFile; fileRef = EDA822E319E7D03000540F02 /* ic_list.png */; };
		EDA8231C19E7D03000540F02 /* ic_location.png in Resources */ = {isa = PBXBuildFile; fileRef = EDA822E419E7D03000540F02 /* ic_location.png */; };
		EDA8231D19E7D03000540F02 /* ic_phone.png in Resources */ = {isa = PBXBuildFile; fileRef = EDA822E519E7D03000540F02 /* ic_phone.png */; };
		EDA8231E19E7D03000540F02 /* ic_play.png in Resources */ = {isa = PBXBuildFile; fileRef = EDA822E619E7D03000540F02 /* ic_play.png */; };
		EDA8231F19E7D03000540F02 /* ic_plus.png in Resources */ = {isa = PBXBuildFile; fileRef = EDA822E719E7D03000540F02 /* ic_plus.png */; };
		EDA8232019E7D03000540F02 /* ic_poi_marker.png in Resources */ = {isa = PBXBuildFile; fileRef = EDA822E819E7D03000540F02 /* ic_poi_marker.png */; };
		EDA8232119E7D03000540F02 /* ic_search.png in Resources */ = {isa = PBXBuildFile; fileRef = EDA822E919E7D03000540F02 /* ic_search.png */; };
		EDA8232219E7D03000540F02 /* ic_share.png in Resources */ = {isa = PBXBuildFile; fileRef = EDA822EA19E7D03000540F02 /* ic_share.png */; };
		EDA8232319E7D03000540F02 /* ic_stats_white.png in Resources */ = {isa = PBXBuildFile; fileRef = EDA822EB19E7D03000540F02 /* ic_stats_white.png */; };
		EDA8232419E7D03000540F02 /* ic_twitter.png in Resources */ = {isa = PBXBuildFile; fileRef = EDA822EC19E7D03000540F02 /* ic_twitter.png */; };
		EDA8232519E7D03000540F02 /* ic_twitter_black.png in Resources */ = {isa = PBXBuildFile; fileRef = EDA822ED19E7D03000540F02 /* ic_twitter_black.png */; };
		EDA8232619E7D03000540F02 /* ic_x.png in Resources */ = {isa = PBXBuildFile; fileRef = EDA822EE19E7D03000540F02 /* ic_x.png */; };
		EDA8232719E7D03000540F02 /* loader_1.png in Resources */ = {isa = PBXBuildFile; fileRef = EDA822EF19E7D03000540F02 /* loader_1.png */; };
		EDA8232819E7D03000540F02 /* loader_2.png in Resources */ = {isa = PBXBuildFile; fileRef = EDA822F019E7D03000540F02 /* loader_2.png */; };
		EDA8232919E7D03000540F02 /* loader_3.png in Resources */ = {isa = PBXBuildFile; fileRef = EDA822F119E7D03000540F02 /* loader_3.png */; };
		EDA8232A19E7D03000540F02 /* loader_4.png in Resources */ = {isa = PBXBuildFile; fileRef = EDA822F219E7D03000540F02 /* loader_4.png */; };
		EDA8232B19E7D03000540F02 /* loader_5.png in Resources */ = {isa = PBXBuildFile; fileRef = EDA822F319E7D03000540F02 /* loader_5.png */; };
		EDA8232C19E7D03000540F02 /* loader_6.png in Resources */ = {isa = PBXBuildFile; fileRef = EDA822F419E7D03000540F02 /* loader_6.png */; };
		EDA8232D19E7D03000540F02 /* loader_7.png in Resources */ = {isa = PBXBuildFile; fileRef = EDA822F519E7D03000540F02 /* loader_7.png */; };
		EDA8232E19E7D03000540F02 /* ti_intensity.png in Resources */ = {isa = PBXBuildFile; fileRef = EDA822F619E7D03000540F02 /* ti_intensity.png */; };
		EDA8232F19E7D03000540F02 /* ti_location.png in Resources */ = {isa = PBXBuildFile; fileRef = EDA822F719E7D03000540F02 /* ti_location.png */; };
		EDA8233019E7D03000540F02 /* ti_pressure.png in Resources */ = {isa = PBXBuildFile; fileRef = EDA822F819E7D03000540F02 /* ti_pressure.png */; };
		EDA8233119E7D03000540F02 /* ti_signal.png in Resources */ = {isa = PBXBuildFile; fileRef = EDA822F919E7D03000540F02 /* ti_signal.png */; };
		EDA8233219E7D03000540F02 /* ti_speed.png in Resources */ = {isa = PBXBuildFile; fileRef = EDA822FA19E7D03000540F02 /* ti_speed.png */; };
		EDA8233319E7D03000540F02 /* ti_wind.png in Resources */ = {isa = PBXBuildFile; fileRef = EDA822FB19E7D03000540F02 /* ti_wind.png */; };
		EDA8233419E7D03000540F02 /* w_cloudy.png in Resources */ = {isa = PBXBuildFile; fileRef = EDA822FC19E7D03000540F02 /* w_cloudy.png */; };
		EDA8233519E7D03000540F02 /* w_drizzle.png in Resources */ = {isa = PBXBuildFile; fileRef = EDA822FD19E7D03000540F02 /* w_drizzle.png */; };
		EDA8233619E7D03000540F02 /* w_humidity.png in Resources */ = {isa = PBXBuildFile; fileRef = EDA822FE19E7D03000540F02 /* w_humidity.png */; };
		EDA8233719E7D03000540F02 /* w_pressure.png in Resources */ = {isa = PBXBuildFile; fileRef = EDA822FF19E7D03000540F02 /* w_pressure.png */; };
		EDA8233819E7D03000540F02 /* w_rainy.png in Resources */ = {isa = PBXBuildFile; fileRef = EDA8230019E7D03000540F02 /* w_rainy.png */; };
		EDA8233919E7D03000540F02 /* w_snowy.png in Resources */ = {isa = PBXBuildFile; fileRef = EDA8230119E7D03000540F02 /* w_snowy.png */; };
		EDA8233A19E7D03000540F02 /* w_stormy.png in Resources */ = {isa = PBXBuildFile; fileRef = EDA8230219E7D03000540F02 /* w_stormy.png */; };
		EDA8233B19E7D03000540F02 /* w_sunny.png in Resources */ = {isa = PBXBuildFile; fileRef = EDA8230319E7D03000540F02 /* w_sunny.png */; };
		EDA8233C19E7D03000540F02 /* w_temperature.png in Resources */ = {isa = PBXBuildFile; fileRef = EDA8230419E7D03000540F02 /* w_temperature.png */; };
		EDA8233D19E7D03000540F02 /* w_thunderstorm.png in Resources */ = {isa = PBXBuildFile; fileRef = EDA8230519E7D03000540F02 /* w_thunderstorm.png */; };
		EDA8233E19E7D03000540F02 /* w_visibility.png in Resources */ = {isa = PBXBuildFile; fileRef = EDA8230619E7D03000540F02 /* w_visibility.png */; };
		EDA8233F19E7D03000540F02 /* w_wind.png in Resources */ = {isa = PBXBuildFile; fileRef = EDA8230719E7D03000540F02 /* w_wind.png */; };
		EDBD65B01991DF330045262C /* iAd.framework in Frameworks */ = {isa = PBXBuildFile; fileRef = EDEC36841990D57C001F8AA5 /* iAd.framework */; };
		EDC3032B19EBABC8007AA5A8 /* TyphoonChecklistViewController.m in Sources */ = {isa = PBXBuildFile; fileRef = EDC3032A19EBABC8007AA5A8 /* TyphoonChecklistViewController.m */; };
		EDC3032E19EBAD75007AA5A8 /* EmergencyNumbersViewController.m in Sources */ = {isa = PBXBuildFile; fileRef = EDC3032D19EBAD75007AA5A8 /* EmergencyNumbersViewController.m */; };
		EDC3033119EBB8FD007AA5A8 /* EmergencyNumberObject.m in Sources */ = {isa = PBXBuildFile; fileRef = EDC3033019EBB8FD007AA5A8 /* EmergencyNumberObject.m */; };
		EDC47B4619CD6C7D0046DFC4 /* TyphoonTrackImageCell.m in Sources */ = {isa = PBXBuildFile; fileRef = EDC47B4319CD6C7D0046DFC4 /* TyphoonTrackImageCell.m */; };
		EDC47B4719CD6C7D0046DFC4 /* TyphoonTrackImageCelliPad.m in Sources */ = {isa = PBXBuildFile; fileRef = EDC47B4519CD6C7D0046DFC4 /* TyphoonTrackImageCelliPad.m */; };
		EDF44CAA19DFFF56002CEF1B /* FBGlowLabel.m in Sources */ = {isa = PBXBuildFile; fileRef = EDF44C7019DFFF56002CEF1B /* FBGlowLabel.m */; };
		EDF44CAB19DFFF56002CEF1B /* iCarousel.m in Sources */ = {isa = PBXBuildFile; fileRef = EDF44C7319DFFF56002CEF1B /* iCarousel.m */; };
		EDF44CAC19DFFF56002CEF1B /* MPAnimation.m in Sources */ = {isa = PBXBuildFile; fileRef = EDF44C7619DFFF56002CEF1B /* MPAnimation.m */; };
		EDF44CAD19DFFF56002CEF1B /* MPFlipTransition.m in Sources */ = {isa = PBXBuildFile; fileRef = EDF44C7919DFFF56002CEF1B /* MPFlipTransition.m */; };
		EDF44CAE19DFFF56002CEF1B /* MPFoldTransition.m in Sources */ = {isa = PBXBuildFile; fileRef = EDF44C7C19DFFF56002CEF1B /* MPFoldTransition.m */; };
		EDF44CAF19DFFF56002CEF1B /* MPTransition.m in Sources */ = {isa = PBXBuildFile; fileRef = EDF44C7E19DFFF56002CEF1B /* MPTransition.m */; };
		EDF44CB019DFFF56002CEF1B /* MPFlipSegue.m in Sources */ = {isa = PBXBuildFile; fileRef = EDF44C8219DFFF56002CEF1B /* MPFlipSegue.m */; };
		EDF44CB119DFFF56002CEF1B /* MPFoldModalSegue.m in Sources */ = {isa = PBXBuildFile; fileRef = EDF44C8419DFFF56002CEF1B /* MPFoldModalSegue.m */; };
		EDF44CB219DFFF56002CEF1B /* MPFoldNavPopSegue.m in Sources */ = {isa = PBXBuildFile; fileRef = EDF44C8619DFFF56002CEF1B /* MPFoldNavPopSegue.m */; };
		EDF44CB319DFFF56002CEF1B /* MPFoldNavPushSegue.m in Sources */ = {isa = PBXBuildFile; fileRef = EDF44C8819DFFF56002CEF1B /* MPFoldNavPushSegue.m */; };
		EDF44CB419DFFF56002CEF1B /* MPFoldSegue.m in Sources */ = {isa = PBXBuildFile; fileRef = EDF44C8A19DFFF56002CEF1B /* MPFoldSegue.m */; };
		EDF44CB519DFFF56002CEF1B /* NYPopover.m in Sources */ = {isa = PBXBuildFile; fileRef = EDF44C8D19DFFF56002CEF1B /* NYPopover.m */; };
		EDF44CB619DFFF56002CEF1B /* NYSliderPopover.m in Sources */ = {isa = PBXBuildFile; fileRef = EDF44C8F19DFFF56002CEF1B /* NYSliderPopover.m */; };
		EDF44CB719DFFF56002CEF1B /* Reachability.m in Sources */ = {isa = PBXBuildFile; fileRef = EDF44C9319DFFF56002CEF1B /* Reachability.m */; };
		EDF44CB819DFFF56002CEF1B /* RESTMethodManager.m in Sources */ = {isa = PBXBuildFile; fileRef = EDF44C9619DFFF56002CEF1B /* RESTMethodManager.m */; };
		EDF44CB919DFFF56002CEF1B /* SWRevealViewController.m in Sources */ = {isa = PBXBuildFile; fileRef = EDF44C9919DFFF56002CEF1B /* SWRevealViewController.m */; };
		EDF44CBA19DFFF56002CEF1B /* TyphoonInfoManager.m in Sources */ = {isa = PBXBuildFile; fileRef = EDF44C9D19DFFF56002CEF1B /* TyphoonInfoManager.m */; };
		EDF44CBB19DFFF56002CEF1B /* TyphoonInfoObject.m in Sources */ = {isa = PBXBuildFile; fileRef = EDF44C9F19DFFF56002CEF1B /* TyphoonInfoObject.m */; };
		EDF44CBC19DFFF56002CEF1B /* InitURLConfiguration.m in Sources */ = {isa = PBXBuildFile; fileRef = EDF44CA219DFFF56002CEF1B /* InitURLConfiguration.m */; };
		EDF44CBD19DFFF56002CEF1B /* URLConfigurationManager.m in Sources */ = {isa = PBXBuildFile; fileRef = EDF44CA419DFFF56002CEF1B /* URLConfigurationManager.m */; };
		EDF44CBE19DFFF56002CEF1B /* TPKeyboardAvoidingScrollView.m in Sources */ = {isa = PBXBuildFile; fileRef = EDF44CA719DFFF56002CEF1B /* TPKeyboardAvoidingScrollView.m */; };
		EDF44CBF19DFFF56002CEF1B /* TPKeyboardAvoidingTableView.m in Sources */ = {isa = PBXBuildFile; fileRef = EDF44CA919DFFF56002CEF1B /* TPKeyboardAvoidingTableView.m */; };
/* End PBXBuildFile section */

/* Begin PBXContainerItemProxy section */
		ED009E1F1986224200D8C9EA /* PBXContainerItemProxy */ = {
			isa = PBXContainerItemProxy;
			containerPortal = ED009DEE1986224100D8C9EA /* Project object */;
			proxyType = 1;
			remoteGlobalIDString = ED009DF51986224100D8C9EA;
			remoteInfo = TyphoonTracker;
		};
/* End PBXContainerItemProxy section */

/* Begin PBXFileReference section */
		ED009DF61986224100D8C9EA /* TyphoonTracker.app */ = {isa = PBXFileReference; explicitFileType = wrapper.application; includeInIndex = 0; path = TyphoonTracker.app; sourceTree = BUILT_PRODUCTS_DIR; };
		ED009DF91986224100D8C9EA /* Foundation.framework */ = {isa = PBXFileReference; lastKnownFileType = wrapper.framework; name = Foundation.framework; path = System/Library/Frameworks/Foundation.framework; sourceTree = SDKROOT; };
		ED009DFB1986224100D8C9EA /* CoreGraphics.framework */ = {isa = PBXFileReference; lastKnownFileType = wrapper.framework; name = CoreGraphics.framework; path = System/Library/Frameworks/CoreGraphics.framework; sourceTree = SDKROOT; };
		ED009DFD1986224100D8C9EA /* UIKit.framework */ = {isa = PBXFileReference; lastKnownFileType = wrapper.framework; name = UIKit.framework; path = System/Library/Frameworks/UIKit.framework; sourceTree = SDKROOT; };
		ED009E011986224100D8C9EA /* TyphoonTracker-Info.plist */ = {isa = PBXFileReference; lastKnownFileType = text.plist.xml; path = "TyphoonTracker-Info.plist"; sourceTree = "<group>"; };
		ED009E031986224100D8C9EA /* en */ = {isa = PBXFileReference; lastKnownFileType = text.plist.strings; name = en; path = en.lproj/InfoPlist.strings; sourceTree = "<group>"; };
		ED009E051986224100D8C9EA /* main.m */ = {isa = PBXFileReference; lastKnownFileType = sourcecode.c.objc; path = main.m; sourceTree = "<group>"; };
		ED009E071986224100D8C9EA /* TyphoonTracker-Prefix.pch */ = {isa = PBXFileReference; lastKnownFileType = sourcecode.c.h; path = "TyphoonTracker-Prefix.pch"; sourceTree = "<group>"; };
		ED009E141986224200D8C9EA /* Images.xcassets */ = {isa = PBXFileReference; lastKnownFileType = folder.assetcatalog; path = Images.xcassets; sourceTree = "<group>"; };
		ED009E1A1986224200D8C9EA /* TyphoonTrackerTests.xctest */ = {isa = PBXFileReference; explicitFileType = wrapper.cfbundle; includeInIndex = 0; path = TyphoonTrackerTests.xctest; sourceTree = BUILT_PRODUCTS_DIR; };
		ED009E1B1986224200D8C9EA /* XCTest.framework */ = {isa = PBXFileReference; lastKnownFileType = wrapper.framework; name = XCTest.framework; path = Library/Frameworks/XCTest.framework; sourceTree = DEVELOPER_DIR; };
		ED009E231986224200D8C9EA /* TyphoonTrackerTests-Info.plist */ = {isa = PBXFileReference; lastKnownFileType = text.plist.xml; path = "TyphoonTrackerTests-Info.plist"; sourceTree = "<group>"; };
		ED009E251986224200D8C9EA /* en */ = {isa = PBXFileReference; lastKnownFileType = text.plist.strings; name = en; path = en.lproj/InfoPlist.strings; sourceTree = "<group>"; };
		ED009E271986224200D8C9EA /* TyphoonTrackerTests.m */ = {isa = PBXFileReference; lastKnownFileType = sourcecode.c.objc; path = TyphoonTrackerTests.m; sourceTree = "<group>"; };
		ED009E311986232B00D8C9EA /* MapKit.framework */ = {isa = PBXFileReference; lastKnownFileType = wrapper.framework; name = MapKit.framework; path = System/Library/Frameworks/MapKit.framework; sourceTree = SDKROOT; };
		ED009E331986233300D8C9EA /* CoreLocation.framework */ = {isa = PBXFileReference; lastKnownFileType = wrapper.framework; name = CoreLocation.framework; path = System/Library/Frameworks/CoreLocation.framework; sourceTree = SDKROOT; };
		ED009E351986233A00D8C9EA /* libsqlite3.0.dylib */ = {isa = PBXFileReference; lastKnownFileType = "compiled.mach-o.dylib"; name = libsqlite3.0.dylib; path = usr/lib/libsqlite3.0.dylib; sourceTree = SDKROOT; };
		ED009E371986239200D8C9EA /* Social.framework */ = {isa = PBXFileReference; lastKnownFileType = wrapper.framework; name = Social.framework; path = System/Library/Frameworks/Social.framework; sourceTree = SDKROOT; };
		ED009E391986239800D8C9EA /* MessageUI.framework */ = {isa = PBXFileReference; lastKnownFileType = wrapper.framework; name = MessageUI.framework; path = System/Library/Frameworks/MessageUI.framework; sourceTree = SDKROOT; };
		ED009E3B198623A900D8C9EA /* QuartzCore.framework */ = {isa = PBXFileReference; lastKnownFileType = wrapper.framework; name = QuartzCore.framework; path = System/Library/Frameworks/QuartzCore.framework; sourceTree = SDKROOT; };
		ED009E3D198628A500D8C9EA /* MediaPlayer.framework */ = {isa = PBXFileReference; lastKnownFileType = wrapper.framework; name = MediaPlayer.framework; path = System/Library/Frameworks/MediaPlayer.framework; sourceTree = SDKROOT; };
		ED009F4519862A8100D8C9EA /* Gotham-Black.otf */ = {isa = PBXFileReference; lastKnownFileType = file; path = "Gotham-Black.otf"; sourceTree = "<group>"; };
		ED009F4619862A8100D8C9EA /* Gotham-Bold.otf */ = {isa = PBXFileReference; lastKnownFileType = file; path = "Gotham-Bold.otf"; sourceTree = "<group>"; };
		ED009F4719862A8100D8C9EA /* Gotham-BoldItalic.otf */ = {isa = PBXFileReference; lastKnownFileType = file; path = "Gotham-BoldItalic.otf"; sourceTree = "<group>"; };
		ED009F4819862A8100D8C9EA /* Gotham-Book.otf */ = {isa = PBXFileReference; lastKnownFileType = file; path = "Gotham-Book.otf"; sourceTree = "<group>"; };
		ED2493AB19F5057C00E45FD9 /* dt_typhoon_track_no_typhoon.png */ = {isa = PBXFileReference; lastKnownFileType = image.png; path = dt_typhoon_track_no_typhoon.png; sourceTree = "<group>"; };
		ED89E751198CA4B200B7CC1E /* SystemConfiguration.framework */ = {isa = PBXFileReference; lastKnownFileType = wrapper.framework; name = SystemConfiguration.framework; path = System/Library/Frameworks/SystemConfiguration.framework; sourceTree = SDKROOT; };
		ED9E9419199CADB10019D417 /* AboutPageViewController.h */ = {isa = PBXFileReference; fileEncoding = 4; lastKnownFileType = sourcecode.c.h; path = AboutPageViewController.h; sourceTree = "<group>"; };
		ED9E941A199CADB10019D417 /* AboutPageViewController.m */ = {isa = PBXFileReference; fileEncoding = 4; lastKnownFileType = sourcecode.c.objc; path = AboutPageViewController.m; sourceTree = "<group>"; };
		ED9E941C199CADB10019D417 /* AppDelegate.h */ = {isa = PBXFileReference; fileEncoding = 4; lastKnownFileType = sourcecode.c.h; path = AppDelegate.h; sourceTree = "<group>"; };
		ED9E941D199CADB10019D417 /* AppDelegate.m */ = {isa = PBXFileReference; fileEncoding = 4; lastKnownFileType = sourcecode.c.objc; path = AppDelegate.m; sourceTree = "<group>"; };
		ED9E941E199CADB10019D417 /* LoaderViewController.h */ = {isa = PBXFileReference; fileEncoding = 4; lastKnownFileType = sourcecode.c.h; path = LoaderViewController.h; sourceTree = "<group>"; };
		ED9E941F199CADB10019D417 /* LoaderViewController.m */ = {isa = PBXFileReference; fileEncoding = 4; lastKnownFileType = sourcecode.c.objc; path = LoaderViewController.m; sourceTree = "<group>"; };
		ED9E94B2199CADB10019D417 /* EarthVideoViewController.h */ = {isa = PBXFileReference; fileEncoding = 4; lastKnownFileType = sourcecode.c.h; path = EarthVideoViewController.h; sourceTree = "<group>"; };
		ED9E94B3199CADB10019D417 /* EarthVideoViewController.m */ = {isa = PBXFileReference; fileEncoding = 4; lastKnownFileType = sourcecode.c.objc; path = EarthVideoViewController.m; sourceTree = "<group>"; };
		ED9E94B4199CADB10019D417 /* EarthWindMapViewController.h */ = {isa = PBXFileReference; fileEncoding = 4; lastKnownFileType = sourcecode.c.h; path = EarthWindMapViewController.h; sourceTree = "<group>"; };
		ED9E94B5199CADB10019D417 /* EarthWindMapViewController.m */ = {isa = PBXFileReference; fileEncoding = 4; lastKnownFileType = sourcecode.c.objc; path = EarthWindMapViewController.m; sourceTree = "<group>"; };
		ED9E94BB199CADB10019D417 /* ViewController.h */ = {isa = PBXFileReference; fileEncoding = 4; lastKnownFileType = sourcecode.c.h; path = ViewController.h; sourceTree = "<group>"; };
		ED9E94BC199CADB10019D417 /* ViewController.m */ = {isa = PBXFileReference; fileEncoding = 4; lastKnownFileType = sourcecode.c.objc; path = ViewController.m; sourceTree = "<group>"; };
		ED9E94BE199CADB10019D417 /* Main_iPad.storyboard */ = {isa = PBXFileReference; fileEncoding = 4; lastKnownFileType = file.storyboard; path = Main_iPad.storyboard; sourceTree = "<group>"; };
		ED9E94BF199CADB10019D417 /* Main_iPhone.storyboard */ = {isa = PBXFileReference; fileEncoding = 4; lastKnownFileType = file.storyboard; path = Main_iPhone.storyboard; sourceTree = "<group>"; };
		ED9E94C2199CADB10019D417 /* TyphoonTrackImageCell.xib */ = {isa = PBXFileReference; fileEncoding = 4; lastKnownFileType = file.xib; path = TyphoonTrackImageCell.xib; sourceTree = "<group>"; };
		ED9E94C3199CADB10019D417 /* TyphoonTrackImageCelliPad.xib */ = {isa = PBXFileReference; fileEncoding = 4; lastKnownFileType = file.xib; path = TyphoonTrackImageCelliPad.xib; sourceTree = "<group>"; };
		ED9E94C5199CADB10019D417 /* CustomAnnotationView.h */ = {isa = PBXFileReference; fileEncoding = 4; lastKnownFileType = sourcecode.c.h; path = CustomAnnotationView.h; sourceTree = "<group>"; };
		ED9E94C6199CADB10019D417 /* CustomAnnotationView.m */ = {isa = PBXFileReference; fileEncoding = 4; lastKnownFileType = sourcecode.c.objc; path = CustomAnnotationView.m; sourceTree = "<group>"; };
		ED9E94C7199CADB10019D417 /* MyAnnotation.h */ = {isa = PBXFileReference; fileEncoding = 4; lastKnownFileType = sourcecode.c.h; path = MyAnnotation.h; sourceTree = "<group>"; };
		ED9E94C8199CADB10019D417 /* MyAnnotation.m */ = {isa = PBXFileReference; fileEncoding = 4; lastKnownFileType = sourcecode.c.objc; path = MyAnnotation.m; sourceTree = "<group>"; };
		ED9E94CA199CADB10019D417 /* MainViewController.h */ = {isa = PBXFileReference; fileEncoding = 4; lastKnownFileType = sourcecode.c.h; path = MainViewController.h; sourceTree = "<group>"; };
		ED9E94CB199CADB10019D417 /* MainViewController.m */ = {isa = PBXFileReference; fileEncoding = 4; lastKnownFileType = sourcecode.c.objc; path = MainViewController.m; sourceTree = "<group>"; };
		ED9E94D0199CADB10019D417 /* WeatherDetailViewController.h */ = {isa = PBXFileReference; fileEncoding = 4; lastKnownFileType = sourcecode.c.h; path = WeatherDetailViewController.h; sourceTree = "<group>"; };
		ED9E94D1199CADB10019D417 /* WeatherDetailViewController.m */ = {isa = PBXFileReference; fileEncoding = 4; lastKnownFileType = sourcecode.c.objc; path = WeatherDetailViewController.m; sourceTree = "<group>"; };
		ED9E950E199CAEFB0019D417 /* SpriteKit.framework */ = {isa = PBXFileReference; lastKnownFileType = wrapper.framework; name = SpriteKit.framework; path = System/Library/Frameworks/SpriteKit.framework; sourceTree = SDKROOT; };
		EDA3157D19E561DC00F4EDE2 /* TyphoonFacts.h */ = {isa = PBXFileReference; fileEncoding = 4; lastKnownFileType = sourcecode.c.h; path = TyphoonFacts.h; sourceTree = "<group>"; };
		EDA3157E19E561DC00F4EDE2 /* TyphoonFacts.m */ = {isa = PBXFileReference; fileEncoding = 4; lastKnownFileType = sourcecode.c.objc; path = TyphoonFacts.m; sourceTree = "<group>"; };
		EDA822D019E7D03000540F02 /* di_dungeon_logo_400x400.jpg */ = {isa = PBXFileReference; lastKnownFileType = image.jpeg; path = di_dungeon_logo_400x400.jpg; sourceTree = "<group>"; };
		EDA822D119E7D03000540F02 /* dt_earth.jpg */ = {isa = PBXFileReference; lastKnownFileType = image.jpeg; path = dt_earth.jpg; sourceTree = "<group>"; };
		EDA822D219E7D03000540F02 /* dt_typhoon_track.png */ = {isa = PBXFileReference; lastKnownFileType = image.png; path = dt_typhoon_track.png; sourceTree = "<group>"; };
		EDA822D319E7D03000540F02 /* ic_about.png */ = {isa = PBXFileReference; lastKnownFileType = image.png; path = ic_about.png; sourceTree = "<group>"; };
		EDA822D419E7D03000540F02 /* ic_about_white.png */ = {isa = PBXFileReference; lastKnownFileType = image.png; path = ic_about_white.png; sourceTree = "<group>"; };
		EDA822D519E7D03000540F02 /* ic_arrow_down.png */ = {isa = PBXFileReference; lastKnownFileType = image.png; path = ic_arrow_down.png; sourceTree = "<group>"; };
		EDA822D619E7D03000540F02 /* ic_arrow_left.png */ = {isa = PBXFileReference; lastKnownFileType = image.png; path = ic_arrow_left.png; sourceTree = "<group>"; };
		EDA822D719E7D03000540F02 /* ic_arrow_right.png */ = {isa = PBXFileReference; lastKnownFileType = image.png; path = ic_arrow_right.png; sourceTree = "<group>"; };
		EDA822D819E7D03000540F02 /* ic_arrow_up.png */ = {isa = PBXFileReference; lastKnownFileType = image.png; path = ic_arrow_up.png; sourceTree = "<group>"; };
		EDA822D919E7D03000540F02 /* ic_calendar.png */ = {isa = PBXFileReference; lastKnownFileType = image.png; path = ic_calendar.png; sourceTree = "<group>"; };
		EDA822DA19E7D03000540F02 /* ic_close.png */ = {isa = PBXFileReference; lastKnownFileType = image.png; path = ic_close.png; sourceTree = "<group>"; };
		EDA822DB19E7D03000540F02 /* ic_cool.png */ = {isa = PBXFileReference; lastKnownFileType = image.png; path = ic_cool.png; sourceTree = "<group>"; };
		EDA822DC19E7D03000540F02 /* ic_cool2.png */ = {isa = PBXFileReference; lastKnownFileType = image.png; path = ic_cool2.png; sourceTree = "<group>"; };
		EDA822DD19E7D03000540F02 /* ic_email.png */ = {isa = PBXFileReference; lastKnownFileType = image.png; path = ic_email.png; sourceTree = "<group>"; };
		EDA822DE19E7D03000540F02 /* ic_facebook.png */ = {isa = PBXFileReference; lastKnownFileType = image.png; path = ic_facebook.png; sourceTree = "<group>"; };
		EDA822DF19E7D03000540F02 /* ic_facebook_black.png */ = {isa = PBXFileReference; lastKnownFileType = image.png; path = ic_facebook_black.png; sourceTree = "<group>"; };
		EDA822E019E7D03000540F02 /* ic_google_plus.png */ = {isa = PBXFileReference; lastKnownFileType = image.png; path = ic_google_plus.png; sourceTree = "<group>"; };
		EDA822E119E7D03000540F02 /* ic_home.png */ = {isa = PBXFileReference; lastKnownFileType = image.png; path = ic_home.png; sourceTree = "<group>"; };
		EDA822E219E7D03000540F02 /* ic_info.png */ = {isa = PBXFileReference; lastKnownFileType = image.png; path = ic_info.png; sourceTree = "<group>"; };
		EDA822E319E7D03000540F02 /* ic_list.png */ = {isa = PBXFileReference; lastKnownFileType = image.png; path = ic_list.png; sourceTree = "<group>"; };
		EDA822E419E7D03000540F02 /* ic_location.png */ = {isa = PBXFileReference; lastKnownFileType = image.png; path = ic_location.png; sourceTree = "<group>"; };
		EDA822E519E7D03000540F02 /* ic_phone.png */ = {isa = PBXFileReference; lastKnownFileType = image.png; path = ic_phone.png; sourceTree = "<group>"; };
		EDA822E619E7D03000540F02 /* ic_play.png */ = {isa = PBXFileReference; lastKnownFileType = image.png; path = ic_play.png; sourceTree = "<group>"; };
		EDA822E719E7D03000540F02 /* ic_plus.png */ = {isa = PBXFileReference; lastKnownFileType = image.png; path = ic_plus.png; sourceTree = "<group>"; };
		EDA822E819E7D03000540F02 /* ic_poi_marker.png */ = {isa = PBXFileReference; lastKnownFileType = image.png; path = ic_poi_marker.png; sourceTree = "<group>"; };
		EDA822E919E7D03000540F02 /* ic_search.png */ = {isa = PBXFileReference; lastKnownFileType = image.png; path = ic_search.png; sourceTree = "<group>"; };
		EDA822EA19E7D03000540F02 /* ic_share.png */ = {isa = PBXFileReference; lastKnownFileType = image.png; path = ic_share.png; sourceTree = "<group>"; };
		EDA822EB19E7D03000540F02 /* ic_stats_white.png */ = {isa = PBXFileReference; lastKnownFileType = image.png; path = ic_stats_white.png; sourceTree = "<group>"; };
		EDA822EC19E7D03000540F02 /* ic_twitter.png */ = {isa = PBXFileReference; lastKnownFileType = image.png; path = ic_twitter.png; sourceTree = "<group>"; };
		EDA822ED19E7D03000540F02 /* ic_twitter_black.png */ = {isa = PBXFileReference; lastKnownFileType = image.png; path = ic_twitter_black.png; sourceTree = "<group>"; };
		EDA822EE19E7D03000540F02 /* ic_x.png */ = {isa = PBXFileReference; lastKnownFileType = image.png; path = ic_x.png; sourceTree = "<group>"; };
		EDA822EF19E7D03000540F02 /* loader_1.png */ = {isa = PBXFileReference; lastKnownFileType = image.png; path = loader_1.png; sourceTree = "<group>"; };
		EDA822F019E7D03000540F02 /* loader_2.png */ = {isa = PBXFileReference; lastKnownFileType = image.png; path = loader_2.png; sourceTree = "<group>"; };
		EDA822F119E7D03000540F02 /* loader_3.png */ = {isa = PBXFileReference; lastKnownFileType = image.png; path = loader_3.png; sourceTree = "<group>"; };
		EDA822F219E7D03000540F02 /* loader_4.png */ = {isa = PBXFileReference; lastKnownFileType = image.png; path = loader_4.png; sourceTree = "<group>"; };
		EDA822F319E7D03000540F02 /* loader_5.png */ = {isa = PBXFileReference; lastKnownFileType = image.png; path = loader_5.png; sourceTree = "<group>"; };
		EDA822F419E7D03000540F02 /* loader_6.png */ = {isa = PBXFileReference; lastKnownFileType = image.png; path = loader_6.png; sourceTree = "<group>"; };
		EDA822F519E7D03000540F02 /* loader_7.png */ = {isa = PBXFileReference; lastKnownFileType = image.png; path = loader_7.png; sourceTree = "<group>"; };
		EDA822F619E7D03000540F02 /* ti_intensity.png */ = {isa = PBXFileReference; lastKnownFileType = image.png; path = ti_intensity.png; sourceTree = "<group>"; };
		EDA822F719E7D03000540F02 /* ti_location.png */ = {isa = PBXFileReference; lastKnownFileType = image.png; path = ti_location.png; sourceTree = "<group>"; };
		EDA822F819E7D03000540F02 /* ti_pressure.png */ = {isa = PBXFileReference; lastKnownFileType = image.png; path = ti_pressure.png; sourceTree = "<group>"; };
		EDA822F919E7D03000540F02 /* ti_signal.png */ = {isa = PBXFileReference; lastKnownFileType = image.png; path = ti_signal.png; sourceTree = "<group>"; };
		EDA822FA19E7D03000540F02 /* ti_speed.png */ = {isa = PBXFileReference; lastKnownFileType = image.png; path = ti_speed.png; sourceTree = "<group>"; };
		EDA822FB19E7D03000540F02 /* ti_wind.png */ = {isa = PBXFileReference; lastKnownFileType = image.png; path = ti_wind.png; sourceTree = "<group>"; };
		EDA822FC19E7D03000540F02 /* w_cloudy.png */ = {isa = PBXFileReference; lastKnownFileType = image.png; path = w_cloudy.png; sourceTree = "<group>"; };
		EDA822FD19E7D03000540F02 /* w_drizzle.png */ = {isa = PBXFileReference; lastKnownFileType = image.png; path = w_drizzle.png; sourceTree = "<group>"; };
		EDA822FE19E7D03000540F02 /* w_humidity.png */ = {isa = PBXFileReference; lastKnownFileType = image.png; path = w_humidity.png; sourceTree = "<group>"; };
		EDA822FF19E7D03000540F02 /* w_pressure.png */ = {isa = PBXFileReference; lastKnownFileType = image.png; path = w_pressure.png; sourceTree = "<group>"; };
		EDA8230019E7D03000540F02 /* w_rainy.png */ = {isa = PBXFileReference; lastKnownFileType = image.png; path = w_rainy.png; sourceTree = "<group>"; };
		EDA8230119E7D03000540F02 /* w_snowy.png */ = {isa = PBXFileReference; lastKnownFileType = image.png; path = w_snowy.png; sourceTree = "<group>"; };
		EDA8230219E7D03000540F02 /* w_stormy.png */ = {isa = PBXFileReference; lastKnownFileType = image.png; path = w_stormy.png; sourceTree = "<group>"; };
		EDA8230319E7D03000540F02 /* w_sunny.png */ = {isa = PBXFileReference; lastKnownFileType = image.png; path = w_sunny.png; sourceTree = "<group>"; };
		EDA8230419E7D03000540F02 /* w_temperature.png */ = {isa = PBXFileReference; lastKnownFileType = image.png; path = w_temperature.png; sourceTree = "<group>"; };
		EDA8230519E7D03000540F02 /* w_thunderstorm.png */ = {isa = PBXFileReference; lastKnownFileType = image.png; path = w_thunderstorm.png; sourceTree = "<group>"; };
		EDA8230619E7D03000540F02 /* w_visibility.png */ = {isa = PBXFileReference; lastKnownFileType = image.png; path = w_visibility.png; sourceTree = "<group>"; };
		EDA8230719E7D03000540F02 /* w_wind.png */ = {isa = PBXFileReference; lastKnownFileType = image.png; path = w_wind.png; sourceTree = "<group>"; };
		EDC3032919EBABC8007AA5A8 /* TyphoonChecklistViewController.h */ = {isa = PBXFileReference; fileEncoding = 4; lastKnownFileType = sourcecode.c.h; path = TyphoonChecklistViewController.h; sourceTree = "<group>"; };
		EDC3032A19EBABC8007AA5A8 /* TyphoonChecklistViewController.m */ = {isa = PBXFileReference; fileEncoding = 4; lastKnownFileType = sourcecode.c.objc; path = TyphoonChecklistViewController.m; sourceTree = "<group>"; };
		EDC3032C19EBAD75007AA5A8 /* EmergencyNumbersViewController.h */ = {isa = PBXFileReference; fileEncoding = 4; lastKnownFileType = sourcecode.c.h; path = EmergencyNumbersViewController.h; sourceTree = "<group>"; };
		EDC3032D19EBAD75007AA5A8 /* EmergencyNumbersViewController.m */ = {isa = PBXFileReference; fileEncoding = 4; lastKnownFileType = sourcecode.c.objc; path = EmergencyNumbersViewController.m; sourceTree = "<group>"; };
		EDC3032F19EBB8FD007AA5A8 /* EmergencyNumberObject.h */ = {isa = PBXFileReference; fileEncoding = 4; lastKnownFileType = sourcecode.c.h; path = EmergencyNumberObject.h; sourceTree = "<group>"; };
		EDC3033019EBB8FD007AA5A8 /* EmergencyNumberObject.m */ = {isa = PBXFileReference; fileEncoding = 4; lastKnownFileType = sourcecode.c.objc; path = EmergencyNumberObject.m; sourceTree = "<group>"; };
		EDC47B4219CD6C7D0046DFC4 /* TyphoonTrackImageCell.h */ = {isa = PBXFileReference; fileEncoding = 4; lastKnownFileType = sourcecode.c.h; path = TyphoonTrackImageCell.h; sourceTree = "<group>"; };
		EDC47B4319CD6C7D0046DFC4 /* TyphoonTrackImageCell.m */ = {isa = PBXFileReference; fileEncoding = 4; lastKnownFileType = sourcecode.c.objc; path = TyphoonTrackImageCell.m; sourceTree = "<group>"; };
		EDC47B4419CD6C7D0046DFC4 /* TyphoonTrackImageCelliPad.h */ = {isa = PBXFileReference; fileEncoding = 4; lastKnownFileType = sourcecode.c.h; path = TyphoonTrackImageCelliPad.h; sourceTree = "<group>"; };
		EDC47B4519CD6C7D0046DFC4 /* TyphoonTrackImageCelliPad.m */ = {isa = PBXFileReference; fileEncoding = 4; lastKnownFileType = sourcecode.c.objc; path = TyphoonTrackImageCelliPad.m; sourceTree = "<group>"; };
		EDEC36841990D57C001F8AA5 /* iAd.framework */ = {isa = PBXFileReference; lastKnownFileType = wrapper.framework; name = iAd.framework; path = System/Library/Frameworks/iAd.framework; sourceTree = SDKROOT; };
		EDF44C6F19DFFF56002CEF1B /* FBGlowLabel.h */ = {isa = PBXFileReference; fileEncoding = 4; lastKnownFileType = sourcecode.c.h; path = FBGlowLabel.h; sourceTree = "<group>"; };
		EDF44C7019DFFF56002CEF1B /* FBGlowLabel.m */ = {isa = PBXFileReference; fileEncoding = 4; lastKnownFileType = sourcecode.c.objc; path = FBGlowLabel.m; sourceTree = "<group>"; };
		EDF44C7219DFFF56002CEF1B /* iCarousel.h */ = {isa = PBXFileReference; fileEncoding = 4; lastKnownFileType = sourcecode.c.h; path = iCarousel.h; sourceTree = "<group>"; };
		EDF44C7319DFFF56002CEF1B /* iCarousel.m */ = {isa = PBXFileReference; fileEncoding = 4; lastKnownFileType = sourcecode.c.objc; path = iCarousel.m; sourceTree = "<group>"; };
		EDF44C7519DFFF56002CEF1B /* MPAnimation.h */ = {isa = PBXFileReference; fileEncoding = 4; lastKnownFileType = sourcecode.c.h; path = MPAnimation.h; sourceTree = "<group>"; };
		EDF44C7619DFFF56002CEF1B /* MPAnimation.m */ = {isa = PBXFileReference; fileEncoding = 4; lastKnownFileType = sourcecode.c.objc; path = MPAnimation.m; sourceTree = "<group>"; };
		EDF44C7719DFFF56002CEF1B /* MPFlipEnumerations.h */ = {isa = PBXFileReference; fileEncoding = 4; lastKnownFileType = sourcecode.c.h; path = MPFlipEnumerations.h; sourceTree = "<group>"; };
		EDF44C7819DFFF56002CEF1B /* MPFlipTransition.h */ = {isa = PBXFileReference; fileEncoding = 4; lastKnownFileType = sourcecode.c.h; path = MPFlipTransition.h; sourceTree = "<group>"; };
		EDF44C7919DFFF56002CEF1B /* MPFlipTransition.m */ = {isa = PBXFileReference; fileEncoding = 4; lastKnownFileType = sourcecode.c.objc; path = MPFlipTransition.m; sourceTree = "<group>"; };
		EDF44C7A19DFFF56002CEF1B /* MPFoldEnumerations.h */ = {isa = PBXFileReference; fileEncoding = 4; lastKnownFileType = sourcecode.c.h; path = MPFoldEnumerations.h; sourceTree = "<group>"; };
		EDF44C7B19DFFF56002CEF1B /* MPFoldTransition.h */ = {isa = PBXFileReference; fileEncoding = 4; lastKnownFileType = sourcecode.c.h; path = MPFoldTransition.h; sourceTree = "<group>"; };
		EDF44C7C19DFFF56002CEF1B /* MPFoldTransition.m */ = {isa = PBXFileReference; fileEncoding = 4; lastKnownFileType = sourcecode.c.objc; path = MPFoldTransition.m; sourceTree = "<group>"; };
		EDF44C7D19DFFF56002CEF1B /* MPTransition.h */ = {isa = PBXFileReference; fileEncoding = 4; lastKnownFileType = sourcecode.c.h; path = MPTransition.h; sourceTree = "<group>"; };
		EDF44C7E19DFFF56002CEF1B /* MPTransition.m */ = {isa = PBXFileReference; fileEncoding = 4; lastKnownFileType = sourcecode.c.objc; path = MPTransition.m; sourceTree = "<group>"; };
		EDF44C7F19DFFF56002CEF1B /* MPTransitionEnumerations.h */ = {isa = PBXFileReference; fileEncoding = 4; lastKnownFileType = sourcecode.c.h; path = MPTransitionEnumerations.h; sourceTree = "<group>"; };
		EDF44C8119DFFF56002CEF1B /* MPFlipSegue.h */ = {isa = PBXFileReference; fileEncoding = 4; lastKnownFileType = sourcecode.c.h; path = MPFlipSegue.h; sourceTree = "<group>"; };
		EDF44C8219DFFF56002CEF1B /* MPFlipSegue.m */ = {isa = PBXFileReference; fileEncoding = 4; lastKnownFileType = sourcecode.c.objc; path = MPFlipSegue.m; sourceTree = "<group>"; };
		EDF44C8319DFFF56002CEF1B /* MPFoldModalSegue.h */ = {isa = PBXFileReference; fileEncoding = 4; lastKnownFileType = sourcecode.c.h; path = MPFoldModalSegue.h; sourceTree = "<group>"; };
		EDF44C8419DFFF56002CEF1B /* MPFoldModalSegue.m */ = {isa = PBXFileReference; fileEncoding = 4; lastKnownFileType = sourcecode.c.objc; path = MPFoldModalSegue.m; sourceTree = "<group>"; };
		EDF44C8519DFFF56002CEF1B /* MPFoldNavPopSegue.h */ = {isa = PBXFileReference; fileEncoding = 4; lastKnownFileType = sourcecode.c.h; path = MPFoldNavPopSegue.h; sourceTree = "<group>"; };
		EDF44C8619DFFF56002CEF1B /* MPFoldNavPopSegue.m */ = {isa = PBXFileReference; fileEncoding = 4; lastKnownFileType = sourcecode.c.objc; path = MPFoldNavPopSegue.m; sourceTree = "<group>"; };
		EDF44C8719DFFF56002CEF1B /* MPFoldNavPushSegue.h */ = {isa = PBXFileReference; fileEncoding = 4; lastKnownFileType = sourcecode.c.h; path = MPFoldNavPushSegue.h; sourceTree = "<group>"; };
		EDF44C8819DFFF56002CEF1B /* MPFoldNavPushSegue.m */ = {isa = PBXFileReference; fileEncoding = 4; lastKnownFileType = sourcecode.c.objc; path = MPFoldNavPushSegue.m; sourceTree = "<group>"; };
		EDF44C8919DFFF56002CEF1B /* MPFoldSegue.h */ = {isa = PBXFileReference; fileEncoding = 4; lastKnownFileType = sourcecode.c.h; path = MPFoldSegue.h; sourceTree = "<group>"; };
		EDF44C8A19DFFF56002CEF1B /* MPFoldSegue.m */ = {isa = PBXFileReference; fileEncoding = 4; lastKnownFileType = sourcecode.c.objc; path = MPFoldSegue.m; sourceTree = "<group>"; };
		EDF44C8C19DFFF56002CEF1B /* NYPopover.h */ = {isa = PBXFileReference; fileEncoding = 4; lastKnownFileType = sourcecode.c.h; path = NYPopover.h; sourceTree = "<group>"; };
		EDF44C8D19DFFF56002CEF1B /* NYPopover.m */ = {isa = PBXFileReference; fileEncoding = 4; lastKnownFileType = sourcecode.c.objc; path = NYPopover.m; sourceTree = "<group>"; };
		EDF44C8E19DFFF56002CEF1B /* NYSliderPopover.h */ = {isa = PBXFileReference; fileEncoding = 4; lastKnownFileType = sourcecode.c.h; path = NYSliderPopover.h; sourceTree = "<group>"; };
		EDF44C8F19DFFF56002CEF1B /* NYSliderPopover.m */ = {isa = PBXFileReference; fileEncoding = 4; lastKnownFileType = sourcecode.c.objc; path = NYSliderPopover.m; sourceTree = "<group>"; };
		EDF44C9219DFFF56002CEF1B /* Reachability.h */ = {isa = PBXFileReference; fileEncoding = 4; lastKnownFileType = sourcecode.c.h; path = Reachability.h; sourceTree = "<group>"; };
		EDF44C9319DFFF56002CEF1B /* Reachability.m */ = {isa = PBXFileReference; fileEncoding = 4; lastKnownFileType = sourcecode.c.objc; path = Reachability.m; sourceTree = "<group>"; };
		EDF44C9519DFFF56002CEF1B /* RESTMethodManager.h */ = {isa = PBXFileReference; fileEncoding = 4; lastKnownFileType = sourcecode.c.h; path = RESTMethodManager.h; sourceTree = "<group>"; };
		EDF44C9619DFFF56002CEF1B /* RESTMethodManager.m */ = {isa = PBXFileReference; fileEncoding = 4; lastKnownFileType = sourcecode.c.objc; path = RESTMethodManager.m; sourceTree = "<group>"; };
		EDF44C9819DFFF56002CEF1B /* SWRevealViewController.h */ = {isa = PBXFileReference; fileEncoding = 4; lastKnownFileType = sourcecode.c.h; path = SWRevealViewController.h; sourceTree = "<group>"; };
		EDF44C9919DFFF56002CEF1B /* SWRevealViewController.m */ = {isa = PBXFileReference; fileEncoding = 4; lastKnownFileType = sourcecode.c.objc; path = SWRevealViewController.m; sourceTree = "<group>"; };
		EDF44C9C19DFFF56002CEF1B /* TyphoonInfoManager.h */ = {isa = PBXFileReference; fileEncoding = 4; lastKnownFileType = sourcecode.c.h; path = TyphoonInfoManager.h; sourceTree = "<group>"; };
		EDF44C9D19DFFF56002CEF1B /* TyphoonInfoManager.m */ = {isa = PBXFileReference; fileEncoding = 4; lastKnownFileType = sourcecode.c.objc; path = TyphoonInfoManager.m; sourceTree = "<group>"; };
		EDF44C9E19DFFF56002CEF1B /* TyphoonInfoObject.h */ = {isa = PBXFileReference; fileEncoding = 4; lastKnownFileType = sourcecode.c.h; path = TyphoonInfoObject.h; sourceTree = "<group>"; };
		EDF44C9F19DFFF56002CEF1B /* TyphoonInfoObject.m */ = {isa = PBXFileReference; fileEncoding = 4; lastKnownFileType = sourcecode.c.objc; path = TyphoonInfoObject.m; sourceTree = "<group>"; };
		EDF44CA119DFFF56002CEF1B /* InitURLConfiguration.h */ = {isa = PBXFileReference; fileEncoding = 4; lastKnownFileType = sourcecode.c.h; path = InitURLConfiguration.h; sourceTree = "<group>"; };
		EDF44CA219DFFF56002CEF1B /* InitURLConfiguration.m */ = {isa = PBXFileReference; fileEncoding = 4; lastKnownFileType = sourcecode.c.objc; path = InitURLConfiguration.m; sourceTree = "<group>"; };
		EDF44CA319DFFF56002CEF1B /* URLConfigurationManager.h */ = {isa = PBXFileReference; fileEncoding = 4; lastKnownFileType = sourcecode.c.h; path = URLConfigurationManager.h; sourceTree = "<group>"; };
		EDF44CA419DFFF56002CEF1B /* URLConfigurationManager.m */ = {isa = PBXFileReference; fileEncoding = 4; lastKnownFileType = sourcecode.c.objc; path = URLConfigurationManager.m; sourceTree = "<group>"; };
		EDF44CA619DFFF56002CEF1B /* TPKeyboardAvoidingScrollView.h */ = {isa = PBXFileReference; fileEncoding = 4; lastKnownFileType = sourcecode.c.h; path = TPKeyboardAvoidingScrollView.h; sourceTree = "<group>"; };
		EDF44CA719DFFF56002CEF1B /* TPKeyboardAvoidingScrollView.m */ = {isa = PBXFileReference; fileEncoding = 4; lastKnownFileType = sourcecode.c.objc; path = TPKeyboardAvoidingScrollView.m; sourceTree = "<group>"; };
		EDF44CA819DFFF56002CEF1B /* TPKeyboardAvoidingTableView.h */ = {isa = PBXFileReference; fileEncoding = 4; lastKnownFileType = sourcecode.c.h; path = TPKeyboardAvoidingTableView.h; sourceTree = "<group>"; };
		EDF44CA919DFFF56002CEF1B /* TPKeyboardAvoidingTableView.m */ = {isa = PBXFileReference; fileEncoding = 4; lastKnownFileType = sourcecode.c.objc; path = TPKeyboardAvoidingTableView.m; sourceTree = "<group>"; };
/* End PBXFileReference section */

/* Begin PBXFrameworksBuildPhase section */
		ED009DF31986224100D8C9EA /* Frameworks */ = {
			isa = PBXFrameworksBuildPhase;
			buildActionMask = 2147483647;
			files = (
				ED9E950F199CAEFB0019D417 /* SpriteKit.framework in Frameworks */,
				EDBD65B01991DF330045262C /* iAd.framework in Frameworks */,
				ED89E752198CA4B200B7CC1E /* SystemConfiguration.framework in Frameworks */,
				ED009E3E198628A500D8C9EA /* MediaPlayer.framework in Frameworks */,
				ED009E3C198623A900D8C9EA /* QuartzCore.framework in Frameworks */,
				ED009E3A1986239800D8C9EA /* MessageUI.framework in Frameworks */,
				ED009E381986239200D8C9EA /* Social.framework in Frameworks */,
				ED009E361986233A00D8C9EA /* libsqlite3.0.dylib in Frameworks */,
				ED009E341986233300D8C9EA /* CoreLocation.framework in Frameworks */,
				ED009E321986232B00D8C9EA /* MapKit.framework in Frameworks */,
				ED009DFC1986224100D8C9EA /* CoreGraphics.framework in Frameworks */,
				ED009DFE1986224100D8C9EA /* UIKit.framework in Frameworks */,
				ED009DFA1986224100D8C9EA /* Foundation.framework in Frameworks */,
			);
			runOnlyForDeploymentPostprocessing = 0;
		};
		ED009E171986224200D8C9EA /* Frameworks */ = {
			isa = PBXFrameworksBuildPhase;
			buildActionMask = 2147483647;
			files = (
				ED009E1C1986224200D8C9EA /* XCTest.framework in Frameworks */,
				ED009E1E1986224200D8C9EA /* UIKit.framework in Frameworks */,
				ED009E1D1986224200D8C9EA /* Foundation.framework in Frameworks */,
			);
			runOnlyForDeploymentPostprocessing = 0;
		};
/* End PBXFrameworksBuildPhase section */

/* Begin PBXGroup section */
		ED009DED1986224100D8C9EA = {
			isa = PBXGroup;
			children = (
				ED009DFF1986224100D8C9EA /* TyphoonTracker */,
				ED009E211986224200D8C9EA /* TyphoonTrackerTests */,
				ED009DF81986224100D8C9EA /* Frameworks */,
				ED009DF71986224100D8C9EA /* Products */,
			);
			sourceTree = "<group>";
		};
		ED009DF71986224100D8C9EA /* Products */ = {
			isa = PBXGroup;
			children = (
				ED009DF61986224100D8C9EA /* TyphoonTracker.app */,
				ED009E1A1986224200D8C9EA /* TyphoonTrackerTests.xctest */,
			);
			name = Products;
			sourceTree = "<group>";
		};
		ED009DF81986224100D8C9EA /* Frameworks */ = {
			isa = PBXGroup;
			children = (
				ED9E950E199CAEFB0019D417 /* SpriteKit.framework */,
				EDEC36841990D57C001F8AA5 /* iAd.framework */,
				ED89E751198CA4B200B7CC1E /* SystemConfiguration.framework */,
				ED009E3D198628A500D8C9EA /* MediaPlayer.framework */,
				ED009E3B198623A900D8C9EA /* QuartzCore.framework */,
				ED009E391986239800D8C9EA /* MessageUI.framework */,
				ED009E371986239200D8C9EA /* Social.framework */,
				ED009E351986233A00D8C9EA /* libsqlite3.0.dylib */,
				ED009E331986233300D8C9EA /* CoreLocation.framework */,
				ED009E311986232B00D8C9EA /* MapKit.framework */,
				ED009DF91986224100D8C9EA /* Foundation.framework */,
				ED009DFB1986224100D8C9EA /* CoreGraphics.framework */,
				ED009DFD1986224100D8C9EA /* UIKit.framework */,
				ED009E1B1986224200D8C9EA /* XCTest.framework */,
			);
			name = Frameworks;
			sourceTree = "<group>";
		};
		ED009DFF1986224100D8C9EA /* TyphoonTracker */ = {
			isa = PBXGroup;
			children = (
				ED9E9416199CADB10019D417 /* Classes */,
				ED009F4319862A8100D8C9EA /* Resources */,
				EDAC30241989FC4E00F47B54 /* iPad */,
				ED009E141986224200D8C9EA /* Images.xcassets */,
				ED009E001986224100D8C9EA /* Supporting Files */,
			);
			path = TyphoonTracker;
			sourceTree = "<group>";
		};
		ED009E001986224100D8C9EA /* Supporting Files */ = {
			isa = PBXGroup;
			children = (
				ED009E011986224100D8C9EA /* TyphoonTracker-Info.plist */,
				ED009E021986224100D8C9EA /* InfoPlist.strings */,
				ED009E051986224100D8C9EA /* main.m */,
				ED009E071986224100D8C9EA /* TyphoonTracker-Prefix.pch */,
			);
			name = "Supporting Files";
			sourceTree = "<group>";
		};
		ED009E211986224200D8C9EA /* TyphoonTrackerTests */ = {
			isa = PBXGroup;
			children = (
				ED009E271986224200D8C9EA /* TyphoonTrackerTests.m */,
				ED009E221986224200D8C9EA /* Supporting Files */,
			);
			path = TyphoonTrackerTests;
			sourceTree = "<group>";
		};
		ED009E221986224200D8C9EA /* Supporting Files */ = {
			isa = PBXGroup;
			children = (
				ED009E231986224200D8C9EA /* TyphoonTrackerTests-Info.plist */,
				ED009E241986224200D8C9EA /* InfoPlist.strings */,
			);
			name = "Supporting Files";
			sourceTree = "<group>";
		};
		ED009F4319862A8100D8C9EA /* Resources */ = {
			isa = PBXGroup;
			children = (
				ED009F4419862A8100D8C9EA /* Fonts */,
				EDA822CF19E7D03000540F02 /* Images */,
				ED009F4A19862A8100D8C9EA /* Sounds */,
			);
			path = Resources;
			sourceTree = "<group>";
		};
		ED009F4419862A8100D8C9EA /* Fonts */ = {
			isa = PBXGroup;
			children = (
				ED009F4519862A8100D8C9EA /* Gotham-Black.otf */,
				ED009F4619862A8100D8C9EA /* Gotham-Bold.otf */,
				ED009F4719862A8100D8C9EA /* Gotham-BoldItalic.otf */,
				ED009F4819862A8100D8C9EA /* Gotham-Book.otf */,
			);
			path = Fonts;
			sourceTree = "<group>";
		};
		ED009F4A19862A8100D8C9EA /* Sounds */ = {
			isa = PBXGroup;
			children = (
			);
			path = Sounds;
			sourceTree = "<group>";
		};
		ED9E9416199CADB10019D417 /* Classes */ = {
			isa = PBXGroup;
			children = (
				ED9E9417199CADB10019D417 /* About */,
				ED9E941B199CADB10019D417 /* AppDelegate */,
				EDF44C6D19DFFF56002CEF1B /* Core */,
				ED9E94B0199CADB10019D417 /* EarthVisualization */,
				EDC3032619EBABC8007AA5A8 /* Guide */,
				ED9E94BA199CADB10019D417 /* PageViewController */,
				ED9E94BD199CADB10019D417 /* Storyboard */,
				ED9E94C0199CADB10019D417 /* TyphoonInformation */,
			);
			path = Classes;
			sourceTree = "<group>";
		};
		ED9E9417199CADB10019D417 /* About */ = {
			isa = PBXGroup;
			children = (
				ED9E9418199CADB10019D417 /* ViewController */,
			);
			path = About;
			sourceTree = "<group>";
		};
		ED9E9418199CADB10019D417 /* ViewController */ = {
			isa = PBXGroup;
			children = (
				ED9E9419199CADB10019D417 /* AboutPageViewController.h */,
				ED9E941A199CADB10019D417 /* AboutPageViewController.m */,
			);
			path = ViewController;
			sourceTree = "<group>";
		};
		ED9E941B199CADB10019D417 /* AppDelegate */ = {
			isa = PBXGroup;
			children = (
				ED9E941C199CADB10019D417 /* AppDelegate.h */,
				ED9E941D199CADB10019D417 /* AppDelegate.m */,
				ED9E941E199CADB10019D417 /* LoaderViewController.h */,
				ED9E941F199CADB10019D417 /* LoaderViewController.m */,
				EDA3157D19E561DC00F4EDE2 /* TyphoonFacts.h */,
				EDA3157E19E561DC00F4EDE2 /* TyphoonFacts.m */,
			);
			path = AppDelegate;
			sourceTree = "<group>";
		};
		ED9E94B0199CADB10019D417 /* EarthVisualization */ = {
			isa = PBXGroup;
			children = (
				ED9E94B1199CADB10019D417 /* ViewController */,
			);
			path = EarthVisualization;
			sourceTree = "<group>";
		};
		ED9E94B1199CADB10019D417 /* ViewController */ = {
			isa = PBXGroup;
			children = (
				ED9E94B2199CADB10019D417 /* EarthVideoViewController.h */,
				ED9E94B3199CADB10019D417 /* EarthVideoViewController.m */,
				ED9E94B4199CADB10019D417 /* EarthWindMapViewController.h */,
				ED9E94B5199CADB10019D417 /* EarthWindMapViewController.m */,
			);
			path = ViewController;
			sourceTree = "<group>";
		};
		ED9E94BA199CADB10019D417 /* PageViewController */ = {
			isa = PBXGroup;
			children = (
				ED9E94BB199CADB10019D417 /* ViewController.h */,
				ED9E94BC199CADB10019D417 /* ViewController.m */,
			);
			path = PageViewController;
			sourceTree = "<group>";
		};
		ED9E94BD199CADB10019D417 /* Storyboard */ = {
			isa = PBXGroup;
			children = (
				ED9E94BF199CADB10019D417 /* Main_iPhone.storyboard */,
				ED9E94BE199CADB10019D417 /* Main_iPad.storyboard */,
			);
			path = Storyboard;
			sourceTree = "<group>";
		};
		ED9E94C0199CADB10019D417 /* TyphoonInformation */ = {
			isa = PBXGroup;
			children = (
				ED9E94C1199CADB10019D417 /* CustomNib */,
				ED9E94C4199CADB10019D417 /* MapAnnotation */,
				ED9E94C9199CADB10019D417 /* ViewController */,
			);
			path = TyphoonInformation;
			sourceTree = "<group>";
		};
		ED9E94C1199CADB10019D417 /* CustomNib */ = {
			isa = PBXGroup;
			children = (
				EDC47B4219CD6C7D0046DFC4 /* TyphoonTrackImageCell.h */,
				EDC47B4319CD6C7D0046DFC4 /* TyphoonTrackImageCell.m */,
				EDC47B4419CD6C7D0046DFC4 /* TyphoonTrackImageCelliPad.h */,
				EDC47B4519CD6C7D0046DFC4 /* TyphoonTrackImageCelliPad.m */,
				ED9E94C2199CADB10019D417 /* TyphoonTrackImageCell.xib */,
				ED9E94C3199CADB10019D417 /* TyphoonTrackImageCelliPad.xib */,
			);
			path = CustomNib;
			sourceTree = "<group>";
		};
		ED9E94C4199CADB10019D417 /* MapAnnotation */ = {
			isa = PBXGroup;
			children = (
				ED9E94C5199CADB10019D417 /* CustomAnnotationView.h */,
				ED9E94C6199CADB10019D417 /* CustomAnnotationView.m */,
				ED9E94C7199CADB10019D417 /* MyAnnotation.h */,
				ED9E94C8199CADB10019D417 /* MyAnnotation.m */,
			);
			path = MapAnnotation;
			sourceTree = "<group>";
		};
		ED9E94C9199CADB10019D417 /* ViewController */ = {
			isa = PBXGroup;
			children = (
				ED9E94CA199CADB10019D417 /* MainViewController.h */,
				ED9E94CB199CADB10019D417 /* MainViewController.m */,
				ED9E94D0199CADB10019D417 /* WeatherDetailViewController.h */,
				ED9E94D1199CADB10019D417 /* WeatherDetailViewController.m */,
			);
			path = ViewController;
			sourceTree = "<group>";
		};
		EDA822CF19E7D03000540F02 /* Images */ = {
			isa = PBXGroup;
			children = (
				EDA822D019E7D03000540F02 /* di_dungeon_logo_400x400.jpg */,
				EDA822D119E7D03000540F02 /* dt_earth.jpg */,
				ED2493AB19F5057C00E45FD9 /* dt_typhoon_track_no_typhoon.png */,
				EDA822D219E7D03000540F02 /* dt_typhoon_track.png */,
				EDA822D319E7D03000540F02 /* ic_about.png */,
				EDA822D419E7D03000540F02 /* ic_about_white.png */,
				EDA822D519E7D03000540F02 /* ic_arrow_down.png */,
				EDA822D619E7D03000540F02 /* ic_arrow_left.png */,
				EDA822D719E7D03000540F02 /* ic_arrow_right.png */,
				EDA822D819E7D03000540F02 /* ic_arrow_up.png */,
				EDA822D919E7D03000540F02 /* ic_calendar.png */,
				EDA822DA19E7D03000540F02 /* ic_close.png */,
				EDA822DB19E7D03000540F02 /* ic_cool.png */,
				EDA822DC19E7D03000540F02 /* ic_cool2.png */,
				EDA822DD19E7D03000540F02 /* ic_email.png */,
				EDA822DE19E7D03000540F02 /* ic_facebook.png */,
				EDA822DF19E7D03000540F02 /* ic_facebook_black.png */,
				EDA822E019E7D03000540F02 /* ic_google_plus.png */,
				EDA822E119E7D03000540F02 /* ic_home.png */,
				EDA822E219E7D03000540F02 /* ic_info.png */,
				EDA822E319E7D03000540F02 /* ic_list.png */,
				EDA822E419E7D03000540F02 /* ic_location.png */,
				EDA822E519E7D03000540F02 /* ic_phone.png */,
				EDA822E619E7D03000540F02 /* ic_play.png */,
				EDA822E719E7D03000540F02 /* ic_plus.png */,
				EDA822E819E7D03000540F02 /* ic_poi_marker.png */,
				EDA822E919E7D03000540F02 /* ic_search.png */,
				EDA822EA19E7D03000540F02 /* ic_share.png */,
				EDA822EB19E7D03000540F02 /* ic_stats_white.png */,
				EDA822EC19E7D03000540F02 /* ic_twitter.png */,
				EDA822ED19E7D03000540F02 /* ic_twitter_black.png */,
				EDA822EE19E7D03000540F02 /* ic_x.png */,
				EDA822EF19E7D03000540F02 /* loader_1.png */,
				EDA822F019E7D03000540F02 /* loader_2.png */,
				EDA822F119E7D03000540F02 /* loader_3.png */,
				EDA822F219E7D03000540F02 /* loader_4.png */,
				EDA822F319E7D03000540F02 /* loader_5.png */,
				EDA822F419E7D03000540F02 /* loader_6.png */,
				EDA822F519E7D03000540F02 /* loader_7.png */,
				EDA822F619E7D03000540F02 /* ti_intensity.png */,
				EDA822F719E7D03000540F02 /* ti_location.png */,
				EDA822F819E7D03000540F02 /* ti_pressure.png */,
				EDA822F919E7D03000540F02 /* ti_signal.png */,
				EDA822FA19E7D03000540F02 /* ti_speed.png */,
				EDA822FB19E7D03000540F02 /* ti_wind.png */,
				EDA822FC19E7D03000540F02 /* w_cloudy.png */,
				EDA822FD19E7D03000540F02 /* w_drizzle.png */,
				EDA822FE19E7D03000540F02 /* w_humidity.png */,
				EDA822FF19E7D03000540F02 /* w_pressure.png */,
				EDA8230019E7D03000540F02 /* w_rainy.png */,
				EDA8230119E7D03000540F02 /* w_snowy.png */,
				EDA8230219E7D03000540F02 /* w_stormy.png */,
				EDA8230319E7D03000540F02 /* w_sunny.png */,
				EDA8230419E7D03000540F02 /* w_temperature.png */,
				EDA8230519E7D03000540F02 /* w_thunderstorm.png */,
				EDA8230619E7D03000540F02 /* w_visibility.png */,
				EDA8230719E7D03000540F02 /* w_wind.png */,
			);
			path = Images;
			sourceTree = "<group>";
		};
		EDAC30241989FC4E00F47B54 /* iPad */ = {
			isa = PBXGroup;
			children = (
			);
			name = iPad;
			sourceTree = "<group>";
		};
		EDC3032619EBABC8007AA5A8 /* Guide */ = {
			isa = PBXGroup;
			children = (
				EDC3032719EBABC8007AA5A8 /* CustomNib */,
				EDC3032819EBABC8007AA5A8 /* ViewController */,
			);
			path = Guide;
			sourceTree = "<group>";
		};
		EDC3032719EBABC8007AA5A8 /* CustomNib */ = {
			isa = PBXGroup;
			children = (
			);
			path = CustomNib;
			sourceTree = "<group>";
		};
		EDC3032819EBABC8007AA5A8 /* ViewController */ = {
			isa = PBXGroup;
			children = (
				EDC3032919EBABC8007AA5A8 /* TyphoonChecklistViewController.h */,
				EDC3032A19EBABC8007AA5A8 /* TyphoonChecklistViewController.m */,
				EDC3032C19EBAD75007AA5A8 /* EmergencyNumbersViewController.h */,
				EDC3032D19EBAD75007AA5A8 /* EmergencyNumbersViewController.m */,
				EDC3032F19EBB8FD007AA5A8 /* EmergencyNumberObject.h */,
				EDC3033019EBB8FD007AA5A8 /* EmergencyNumberObject.m */,
			);
			path = ViewController;
			sourceTree = "<group>";
		};
		EDF44C6D19DFFF56002CEF1B /* Core */ = {
			isa = PBXGroup;
			children = (
				EDF44C6E19DFFF56002CEF1B /* FBGlowLabel */,
				EDF44C7119DFFF56002CEF1B /* iCarousel */,
				EDF44C7419DFFF56002CEF1B /* MPFoldTransition */,
				EDF44C8B19DFFF56002CEF1B /* NYSliderPopover */,
				EDF44C9019DFFF56002CEF1B /* Objects */,
				EDF44C9119DFFF56002CEF1B /* Reachability */,
				EDF44C9419DFFF56002CEF1B /* RESTManager */,
				EDF44C9719DFFF56002CEF1B /* SideBarNavigation */,
				EDF44C9A19DFFF56002CEF1B /* SQLite */,
				EDF44C9B19DFFF56002CEF1B /* TyphoonInfoManager */,
				EDF44CA019DFFF56002CEF1B /* URLConfiguration */,
				EDF44CA519DFFF56002CEF1B /* Utilities */,
			);
			path = Core;
			sourceTree = "<group>";
		};
		EDF44C6E19DFFF56002CEF1B /* FBGlowLabel */ = {
			isa = PBXGroup;
			children = (
				EDF44C6F19DFFF56002CEF1B /* FBGlowLabel.h */,
				EDF44C7019DFFF56002CEF1B /* FBGlowLabel.m */,
			);
			path = FBGlowLabel;
			sourceTree = "<group>";
		};
		EDF44C7119DFFF56002CEF1B /* iCarousel */ = {
			isa = PBXGroup;
			children = (
				EDF44C7219DFFF56002CEF1B /* iCarousel.h */,
				EDF44C7319DFFF56002CEF1B /* iCarousel.m */,
			);
			path = iCarousel;
			sourceTree = "<group>";
		};
		EDF44C7419DFFF56002CEF1B /* MPFoldTransition */ = {
			isa = PBXGroup;
			children = (
				EDF44C7519DFFF56002CEF1B /* MPAnimation.h */,
				EDF44C7619DFFF56002CEF1B /* MPAnimation.m */,
				EDF44C7719DFFF56002CEF1B /* MPFlipEnumerations.h */,
				EDF44C7819DFFF56002CEF1B /* MPFlipTransition.h */,
				EDF44C7919DFFF56002CEF1B /* MPFlipTransition.m */,
				EDF44C7A19DFFF56002CEF1B /* MPFoldEnumerations.h */,
				EDF44C7B19DFFF56002CEF1B /* MPFoldTransition.h */,
				EDF44C7C19DFFF56002CEF1B /* MPFoldTransition.m */,
				EDF44C7D19DFFF56002CEF1B /* MPTransition.h */,
				EDF44C7E19DFFF56002CEF1B /* MPTransition.m */,
				EDF44C7F19DFFF56002CEF1B /* MPTransitionEnumerations.h */,
				EDF44C8019DFFF56002CEF1B /* Segues */,
			);
			path = MPFoldTransition;
			sourceTree = "<group>";
		};
		EDF44C8019DFFF56002CEF1B /* Segues */ = {
			isa = PBXGroup;
			children = (
				EDF44C8119DFFF56002CEF1B /* MPFlipSegue.h */,
				EDF44C8219DFFF56002CEF1B /* MPFlipSegue.m */,
				EDF44C8319DFFF56002CEF1B /* MPFoldModalSegue.h */,
				EDF44C8419DFFF56002CEF1B /* MPFoldModalSegue.m */,
				EDF44C8519DFFF56002CEF1B /* MPFoldNavPopSegue.h */,
				EDF44C8619DFFF56002CEF1B /* MPFoldNavPopSegue.m */,
				EDF44C8719DFFF56002CEF1B /* MPFoldNavPushSegue.h */,
				EDF44C8819DFFF56002CEF1B /* MPFoldNavPushSegue.m */,
				EDF44C8919DFFF56002CEF1B /* MPFoldSegue.h */,
				EDF44C8A19DFFF56002CEF1B /* MPFoldSegue.m */,
			);
			path = Segues;
			sourceTree = "<group>";
		};
		EDF44C8B19DFFF56002CEF1B /* NYSliderPopover */ = {
			isa = PBXGroup;
			children = (
				EDF44C8C19DFFF56002CEF1B /* NYPopover.h */,
				EDF44C8D19DFFF56002CEF1B /* NYPopover.m */,
				EDF44C8E19DFFF56002CEF1B /* NYSliderPopover.h */,
				EDF44C8F19DFFF56002CEF1B /* NYSliderPopover.m */,
			);
			path = NYSliderPopover;
			sourceTree = "<group>";
		};
		EDF44C9019DFFF56002CEF1B /* Objects */ = {
			isa = PBXGroup;
			children = (
			);
			path = Objects;
			sourceTree = "<group>";
		};
		EDF44C9119DFFF56002CEF1B /* Reachability */ = {
			isa = PBXGroup;
			children = (
				EDF44C9219DFFF56002CEF1B /* Reachability.h */,
				EDF44C9319DFFF56002CEF1B /* Reachability.m */,
			);
			path = Reachability;
			sourceTree = "<group>";
		};
		EDF44C9419DFFF56002CEF1B /* RESTManager */ = {
			isa = PBXGroup;
			children = (
				EDF44C9519DFFF56002CEF1B /* RESTMethodManager.h */,
				EDF44C9619DFFF56002CEF1B /* RESTMethodManager.m */,
			);
			path = RESTManager;
			sourceTree = "<group>";
		};
		EDF44C9719DFFF56002CEF1B /* SideBarNavigation */ = {
			isa = PBXGroup;
			children = (
				EDF44C9819DFFF56002CEF1B /* SWRevealViewController.h */,
				EDF44C9919DFFF56002CEF1B /* SWRevealViewController.m */,
			);
			path = SideBarNavigation;
			sourceTree = "<group>";
		};
		EDF44C9A19DFFF56002CEF1B /* SQLite */ = {
			isa = PBXGroup;
			children = (
			);
			path = SQLite;
			sourceTree = "<group>";
		};
		EDF44C9B19DFFF56002CEF1B /* TyphoonInfoManager */ = {
			isa = PBXGroup;
			children = (
				EDF44C9C19DFFF56002CEF1B /* TyphoonInfoManager.h */,
				EDF44C9D19DFFF56002CEF1B /* TyphoonInfoManager.m */,
				EDF44C9E19DFFF56002CEF1B /* TyphoonInfoObject.h */,
				EDF44C9F19DFFF56002CEF1B /* TyphoonInfoObject.m */,
			);
			path = TyphoonInfoManager;
			sourceTree = "<group>";
		};
		EDF44CA019DFFF56002CEF1B /* URLConfiguration */ = {
			isa = PBXGroup;
			children = (
				EDF44CA119DFFF56002CEF1B /* InitURLConfiguration.h */,
				EDF44CA219DFFF56002CEF1B /* InitURLConfiguration.m */,
				EDF44CA319DFFF56002CEF1B /* URLConfigurationManager.h */,
				EDF44CA419DFFF56002CEF1B /* URLConfigurationManager.m */,
			);
			path = URLConfiguration;
			sourceTree = "<group>";
		};
		EDF44CA519DFFF56002CEF1B /* Utilities */ = {
			isa = PBXGroup;
			children = (
				EDF44CA619DFFF56002CEF1B /* TPKeyboardAvoidingScrollView.h */,
				EDF44CA719DFFF56002CEF1B /* TPKeyboardAvoidingScrollView.m */,
				EDF44CA819DFFF56002CEF1B /* TPKeyboardAvoidingTableView.h */,
				EDF44CA919DFFF56002CEF1B /* TPKeyboardAvoidingTableView.m */,
			);
			path = Utilities;
			sourceTree = "<group>";
		};
/* End PBXGroup section */

/* Begin PBXNativeTarget section */
		ED009DF51986224100D8C9EA /* TyphoonTracker */ = {
			isa = PBXNativeTarget;
			buildConfigurationList = ED009E2B1986224200D8C9EA /* Build configuration list for PBXNativeTarget "TyphoonTracker" */;
			buildPhases = (
				ED009DF21986224100D8C9EA /* Sources */,
				ED009DF31986224100D8C9EA /* Frameworks */,
				ED009DF41986224100D8C9EA /* Resources */,
			);
			buildRules = (
			);
			dependencies = (
			);
			name = TyphoonTracker;
			productName = TyphoonTracker;
			productReference = ED009DF61986224100D8C9EA /* TyphoonTracker.app */;
			productType = "com.apple.product-type.application";
		};
		ED009E191986224200D8C9EA /* TyphoonTrackerTests */ = {
			isa = PBXNativeTarget;
			buildConfigurationList = ED009E2E1986224200D8C9EA /* Build configuration list for PBXNativeTarget "TyphoonTrackerTests" */;
			buildPhases = (
				ED009E161986224200D8C9EA /* Sources */,
				ED009E171986224200D8C9EA /* Frameworks */,
				ED009E181986224200D8C9EA /* Resources */,
			);
			buildRules = (
			);
			dependencies = (
				ED009E201986224200D8C9EA /* PBXTargetDependency */,
			);
			name = TyphoonTrackerTests;
			productName = TyphoonTrackerTests;
			productReference = ED009E1A1986224200D8C9EA /* TyphoonTrackerTests.xctest */;
			productType = "com.apple.product-type.bundle.unit-test";
		};
/* End PBXNativeTarget section */

/* Begin PBXProject section */
		ED009DEE1986224100D8C9EA /* Project object */ = {
			isa = PBXProject;
			attributes = {
				LastUpgradeCheck = 0510;
				ORGANIZATIONNAME = "Dungeon Innovations";
				TargetAttributes = {
					ED009DF51986224100D8C9EA = {
						DevelopmentTeam = 5LA3CGA6LP;
						SystemCapabilities = {
							com.apple.BackgroundModes = {
								enabled = 0;
							};
						};
					};
					ED009E191986224200D8C9EA = {
						TestTargetID = ED009DF51986224100D8C9EA;
					};
				};
			};
			buildConfigurationList = ED009DF11986224100D8C9EA /* Build configuration list for PBXProject "TyphoonTracker" */;
			compatibilityVersion = "Xcode 3.2";
			developmentRegion = English;
			hasScannedForEncodings = 0;
			knownRegions = (
				en,
				Base,
			);
			mainGroup = ED009DED1986224100D8C9EA;
			productRefGroup = ED009DF71986224100D8C9EA /* Products */;
			projectDirPath = "";
			projectRoot = "";
			targets = (
				ED009DF51986224100D8C9EA /* TyphoonTracker */,
				ED009E191986224200D8C9EA /* TyphoonTrackerTests */,
			);
		};
/* End PBXProject section */

/* Begin PBXResourcesBuildPhase section */
		ED009DF41986224100D8C9EA /* Resources */ = {
			isa = PBXResourcesBuildPhase;
			buildActionMask = 2147483647;
			files = (
				EDA8231C19E7D03000540F02 /* ic_location.png in Resources */,
				EDA8232119E7D03000540F02 /* ic_search.png in Resources */,
				EDA8232B19E7D03000540F02 /* loader_5.png in Resources */,
				ED9E9504199CADB10019D417 /* Main_iPad.storyboard in Resources */,
				EDA8232C19E7D03000540F02 /* loader_6.png in Resources */,
				EDA8230D19E7D03000540F02 /* ic_arrow_down.png in Resources */,
				ED009F4B19862A8100D8C9EA /* Gotham-Black.otf in Resources */,
				EDA8231D19E7D03000540F02 /* ic_phone.png in Resources */,
				EDA8232719E7D03000540F02 /* loader_1.png in Resources */,
				ED009F4C19862A8100D8C9EA /* Gotham-Bold.otf in Resources */,
				EDA8233D19E7D03000540F02 /* w_thunderstorm.png in Resources */,
				ED9E9506199CADB10019D417 /* TyphoonTrackImageCell.xib in Resources */,
				ED9E9505199CADB10019D417 /* Main_iPhone.storyboard in Resources */,
				EDA8232D19E7D03000540F02 /* loader_7.png in Resources */,
				EDA8231219E7D03000540F02 /* ic_close.png in Resources */,
				EDA8230C19E7D03000540F02 /* ic_about_white.png in Resources */,
				EDA8233B19E7D03000540F02 /* w_sunny.png in Resources */,
				EDA8232919E7D03000540F02 /* loader_3.png in Resources */,
				ED2493AC19F5057C00E45FD9 /* dt_typhoon_track_no_typhoon.png in Resources */,
				EDA8231619E7D03000540F02 /* ic_facebook.png in Resources */,
				EDA8233C19E7D03000540F02 /* w_temperature.png in Resources */,
				EDA8231119E7D03000540F02 /* ic_calendar.png in Resources */,
				EDA8232019E7D03000540F02 /* ic_poi_marker.png in Resources */,
				EDA8232F19E7D03000540F02 /* ti_location.png in Resources */,
				EDA8233619E7D03000540F02 /* w_humidity.png in Resources */,
				EDA8230E19E7D03000540F02 /* ic_arrow_left.png in Resources */,
				EDA8232319E7D03000540F02 /* ic_stats_white.png in Resources */,
				EDA8233119E7D03000540F02 /* ti_signal.png in Resources */,
				EDA8231B19E7D03000540F02 /* ic_list.png in Resources */,
				EDA8231519E7D03000540F02 /* ic_email.png in Resources */,
				EDA8231A19E7D03000540F02 /* ic_info.png in Resources */,
				ED009E151986224200D8C9EA /* Images.xcassets in Resources */,
				EDA8233719E7D03000540F02 /* w_pressure.png in Resources */,
				EDA8230919E7D03000540F02 /* dt_earth.jpg in Resources */,
				EDA8230B19E7D03000540F02 /* ic_about.png in Resources */,
				ED009F4D19862A8100D8C9EA /* Gotham-BoldItalic.otf in Resources */,
				EDA8230819E7D03000540F02 /* di_dungeon_logo_400x400.jpg in Resources */,
				ED009E041986224100D8C9EA /* InfoPlist.strings in Resources */,
				EDA8233A19E7D03000540F02 /* w_stormy.png in Resources */,
				ED009F4E19862A8100D8C9EA /* Gotham-Book.otf in Resources */,
				EDA8231819E7D03000540F02 /* ic_google_plus.png in Resources */,
				EDA8233E19E7D03000540F02 /* w_visibility.png in Resources */,
				EDA8232E19E7D03000540F02 /* ti_intensity.png in Resources */,
				EDA8233819E7D03000540F02 /* w_rainy.png in Resources */,
				EDA8233F19E7D03000540F02 /* w_wind.png in Resources */,
				EDA8231419E7D03000540F02 /* ic_cool2.png in Resources */,
				EDA8233319E7D03000540F02 /* ti_wind.png in Resources */,
				EDA8233919E7D03000540F02 /* w_snowy.png in Resources */,
				EDA8233019E7D03000540F02 /* ti_pressure.png in Resources */,
				EDA8231F19E7D03000540F02 /* ic_plus.png in Resources */,
				EDA8232619E7D03000540F02 /* ic_x.png in Resources */,
				EDA8233419E7D03000540F02 /* w_cloudy.png in Resources */,
				ED9E9507199CADB10019D417 /* TyphoonTrackImageCelliPad.xib in Resources */,
				EDA8233219E7D03000540F02 /* ti_speed.png in Resources */,
				EDA8232A19E7D03000540F02 /* loader_4.png in Resources */,
				EDA8231919E7D03000540F02 /* ic_home.png in Resources */,
				EDA8231719E7D03000540F02 /* ic_facebook_black.png in Resources */,
				EDA8232219E7D03000540F02 /* ic_share.png in Resources */,
				EDA8232519E7D03000540F02 /* ic_twitter_black.png in Resources */,
				EDA8232819E7D03000540F02 /* loader_2.png in Resources */,
				EDA8231E19E7D03000540F02 /* ic_play.png in Resources */,
				EDA8233519E7D03000540F02 /* w_drizzle.png in Resources */,
				EDA8231019E7D03000540F02 /* ic_arrow_up.png in Resources */,
				EDA8230F19E7D03000540F02 /* ic_arrow_right.png in Resources */,
				EDA8232419E7D03000540F02 /* ic_twitter.png in Resources */,
				EDA8231319E7D03000540F02 /* ic_cool.png in Resources */,
				EDA8230A19E7D03000540F02 /* dt_typhoon_track.png in Resources */,
			);
			runOnlyForDeploymentPostprocessing = 0;
		};
		ED009E181986224200D8C9EA /* Resources */ = {
			isa = PBXResourcesBuildPhase;
			buildActionMask = 2147483647;
			files = (
				ED009E261986224200D8C9EA /* InfoPlist.strings in Resources */,
			);
			runOnlyForDeploymentPostprocessing = 0;
		};
/* End PBXResourcesBuildPhase section */

/* Begin PBXSourcesBuildPhase section */
		ED009DF21986224100D8C9EA /* Sources */ = {
			isa = PBXSourcesBuildPhase;
			buildActionMask = 2147483647;
			files = (
				ED9E9500199CADB10019D417 /* EarthVideoViewController.m in Sources */,
				EDC47B4619CD6C7D0046DFC4 /* TyphoonTrackImageCell.m in Sources */,
				EDF44CBB19DFFF56002CEF1B /* TyphoonInfoObject.m in Sources */,
				ED9E950D199CADB10019D417 /* WeatherDetailViewController.m in Sources */,
				EDF44CAC19DFFF56002CEF1B /* MPAnimation.m in Sources */,
				ED9E950A199CADB10019D417 /* MainViewController.m in Sources */,
				EDA3157F19E561DC00F4EDE2 /* TyphoonFacts.m in Sources */,
				ED9E9501199CADB10019D417 /* EarthWindMapViewController.m in Sources */,
				ED009E061986224100D8C9EA /* main.m in Sources */,
				EDC3032B19EBABC8007AA5A8 /* TyphoonChecklistViewController.m in Sources */,
				ED9E94D2199CADB10019D417 /* AboutPageViewController.m in Sources */,
				ED9E9508199CADB10019D417 /* CustomAnnotationView.m in Sources */,
				EDC3033119EBB8FD007AA5A8 /* EmergencyNumberObject.m in Sources */,
				EDF44CBA19DFFF56002CEF1B /* TyphoonInfoManager.m in Sources */,
				EDF44CBC19DFFF56002CEF1B /* InitURLConfiguration.m in Sources */,
				EDF44CB719DFFF56002CEF1B /* Reachability.m in Sources */,
				EDC47B4719CD6C7D0046DFC4 /* TyphoonTrackImageCelliPad.m in Sources */,
				EDF44CB619DFFF56002CEF1B /* NYSliderPopover.m in Sources */,
				ED9E94D3199CADB10019D417 /* AppDelegate.m in Sources */,
				EDF44CAE19DFFF56002CEF1B /* MPFoldTransition.m in Sources */,
				EDF44CAD19DFFF56002CEF1B /* MPFlipTransition.m in Sources */,
				ED9E9503199CADB10019D417 /* ViewController.m in Sources */,
				EDF44CBD19DFFF56002CEF1B /* URLConfigurationManager.m in Sources */,
				EDF44CBF19DFFF56002CEF1B /* TPKeyboardAvoidingTableView.m in Sources */,
				EDF44CBE19DFFF56002CEF1B /* TPKeyboardAvoidingScrollView.m in Sources */,
				EDF44CB919DFFF56002CEF1B /* SWRevealViewController.m in Sources */,
				EDF44CB219DFFF56002CEF1B /* MPFoldNavPopSegue.m in Sources */,
				EDF44CB819DFFF56002CEF1B /* RESTMethodManager.m in Sources */,
				EDF44CAA19DFFF56002CEF1B /* FBGlowLabel.m in Sources */,
				EDF44CAB19DFFF56002CEF1B /* iCarousel.m in Sources */,
				EDF44CB419DFFF56002CEF1B /* MPFoldSegue.m in Sources */,
				EDF44CB119DFFF56002CEF1B /* MPFoldModalSegue.m in Sources */,
				EDF44CAF19DFFF56002CEF1B /* MPTransition.m in Sources */,
				EDC3032E19EBAD75007AA5A8 /* EmergencyNumbersViewController.m in Sources */,
				ED9E9509199CADB10019D417 /* MyAnnotation.m in Sources */,
				EDF44CB519DFFF56002CEF1B /* NYPopover.m in Sources */,
				ED9E94D4199CADB10019D417 /* LoaderViewController.m in Sources */,
				EDF44CB019DFFF56002CEF1B /* MPFlipSegue.m in Sources */,
				EDF44CB319DFFF56002CEF1B /* MPFoldNavPushSegue.m in Sources */,
			);
			runOnlyForDeploymentPostprocessing = 0;
		};
		ED009E161986224200D8C9EA /* Sources */ = {
			isa = PBXSourcesBuildPhase;
			buildActionMask = 2147483647;
			files = (
				ED009E281986224200D8C9EA /* TyphoonTrackerTests.m in Sources */,
			);
			runOnlyForDeploymentPostprocessing = 0;
		};
/* End PBXSourcesBuildPhase section */

/* Begin PBXTargetDependency section */
		ED009E201986224200D8C9EA /* PBXTargetDependency */ = {
			isa = PBXTargetDependency;
			target = ED009DF51986224100D8C9EA /* TyphoonTracker */;
			targetProxy = ED009E1F1986224200D8C9EA /* PBXContainerItemProxy */;
		};
/* End PBXTargetDependency section */

/* Begin PBXVariantGroup section */
		ED009E021986224100D8C9EA /* InfoPlist.strings */ = {
			isa = PBXVariantGroup;
			children = (
				ED009E031986224100D8C9EA /* en */,
			);
			name = InfoPlist.strings;
			sourceTree = "<group>";
		};
		ED009E241986224200D8C9EA /* InfoPlist.strings */ = {
			isa = PBXVariantGroup;
			children = (
				ED009E251986224200D8C9EA /* en */,
			);
			name = InfoPlist.strings;
			sourceTree = "<group>";
		};
/* End PBXVariantGroup section */

/* Begin XCBuildConfiguration section */
		ED009E291986224200D8C9EA /* Debug */ = {
			isa = XCBuildConfiguration;
			buildSettings = {
				ALWAYS_SEARCH_USER_PATHS = NO;
				CLANG_CXX_LANGUAGE_STANDARD = "gnu++0x";
				CLANG_CXX_LIBRARY = "libc++";
				CLANG_ENABLE_MODULES = YES;
				CLANG_ENABLE_OBJC_ARC = YES;
				CLANG_WARN_BOOL_CONVERSION = YES;
				CLANG_WARN_CONSTANT_CONVERSION = YES;
				CLANG_WARN_DIRECT_OBJC_ISA_USAGE = YES_ERROR;
				CLANG_WARN_EMPTY_BODY = YES;
				CLANG_WARN_ENUM_CONVERSION = YES;
				CLANG_WARN_INT_CONVERSION = YES;
				CLANG_WARN_OBJC_ROOT_CLASS = YES_ERROR;
				CLANG_WARN__DUPLICATE_METHOD_MATCH = YES;
				"CODE_SIGN_IDENTITY[sdk=iphoneos*]" = "iPhone Developer";
				COPY_PHASE_STRIP = NO;
				GCC_C_LANGUAGE_STANDARD = gnu99;
				GCC_DYNAMIC_NO_PIC = NO;
				GCC_OPTIMIZATION_LEVEL = 0;
				GCC_PREPROCESSOR_DEFINITIONS = (
					"DEBUG=1",
					"$(inherited)",
				);
				GCC_SYMBOLS_PRIVATE_EXTERN = NO;
				GCC_WARN_64_TO_32_BIT_CONVERSION = YES;
				GCC_WARN_ABOUT_RETURN_TYPE = YES_ERROR;
				GCC_WARN_UNDECLARED_SELECTOR = YES;
				GCC_WARN_UNINITIALIZED_AUTOS = YES_AGGRESSIVE;
				GCC_WARN_UNUSED_FUNCTION = YES;
				GCC_WARN_UNUSED_VARIABLE = YES;
				IPHONEOS_DEPLOYMENT_TARGET = 7.1;
				ONLY_ACTIVE_ARCH = YES;
				SDKROOT = iphoneos;
				TARGETED_DEVICE_FAMILY = "1,2";
			};
			name = Debug;
		};
		ED009E2A1986224200D8C9EA /* Release */ = {
			isa = XCBuildConfiguration;
			buildSettings = {
				ALWAYS_SEARCH_USER_PATHS = NO;
				CLANG_CXX_LANGUAGE_STANDARD = "gnu++0x";
				CLANG_CXX_LIBRARY = "libc++";
				CLANG_ENABLE_MODULES = YES;
				CLANG_ENABLE_OBJC_ARC = YES;
				CLANG_WARN_BOOL_CONVERSION = YES;
				CLANG_WARN_CONSTANT_CONVERSION = YES;
				CLANG_WARN_DIRECT_OBJC_ISA_USAGE = YES_ERROR;
				CLANG_WARN_EMPTY_BODY = YES;
				CLANG_WARN_ENUM_CONVERSION = YES;
				CLANG_WARN_INT_CONVERSION = YES;
				CLANG_WARN_OBJC_ROOT_CLASS = YES_ERROR;
				CLANG_WARN__DUPLICATE_METHOD_MATCH = YES;
				"CODE_SIGN_IDENTITY[sdk=iphoneos*]" = "iPhone Developer";
				COPY_PHASE_STRIP = YES;
				ENABLE_NS_ASSERTIONS = NO;
				GCC_C_LANGUAGE_STANDARD = gnu99;
				GCC_WARN_64_TO_32_BIT_CONVERSION = YES;
				GCC_WARN_ABOUT_RETURN_TYPE = YES_ERROR;
				GCC_WARN_UNDECLARED_SELECTOR = YES;
				GCC_WARN_UNINITIALIZED_AUTOS = YES_AGGRESSIVE;
				GCC_WARN_UNUSED_FUNCTION = YES;
				GCC_WARN_UNUSED_VARIABLE = YES;
				IPHONEOS_DEPLOYMENT_TARGET = 7.1;
				SDKROOT = iphoneos;
				TARGETED_DEVICE_FAMILY = "1,2";
				VALIDATE_PRODUCT = YES;
			};
			name = Release;
		};
		ED009E2C1986224200D8C9EA /* Debug */ = {
			isa = XCBuildConfiguration;
			buildSettings = {
				ASSETCATALOG_COMPILER_APPICON_NAME = AppIcon;
				ASSETCATALOG_COMPILER_LAUNCHIMAGE_NAME = LaunchImage;
				CODE_SIGN_IDENTITY = "iPhone Distribution: Dean Marc Co (5LA3CGA6LP)";
				"CODE_SIGN_IDENTITY[sdk=iphoneos*]" = "iPhone Distribution: Dean Marc Co (5LA3CGA6LP)";
				GCC_PRECOMPILE_PREFIX_HEADER = YES;
				GCC_PREFIX_HEADER = "TyphoonTracker/TyphoonTracker-Prefix.pch";
				INFOPLIST_FILE = "TyphoonTracker/TyphoonTracker-Info.plist";
				IPHONEOS_DEPLOYMENT_TARGET = 8.1;
				PRODUCT_NAME = "$(TARGET_NAME)";
				PROVISIONING_PROFILE = "ab5332e2-42dd-4fb5-af6a-37166e5461cc";
				TARGETED_DEVICE_FAMILY = "1,2";
				WRAPPER_EXTENSION = app;
			};
			name = Debug;
		};
		ED009E2D1986224200D8C9EA /* Release */ = {
			isa = XCBuildConfiguration;
			buildSettings = {
				ASSETCATALOG_COMPILER_APPICON_NAME = AppIcon;
				ASSETCATALOG_COMPILER_LAUNCHIMAGE_NAME = LaunchImage;
				CODE_SIGN_IDENTITY = "iPhone Distribution: Dean Marc Co (5LA3CGA6LP)";
				"CODE_SIGN_IDENTITY[sdk=iphoneos*]" = "iPhone Distribution: Dean Marc Co (5LA3CGA6LP)";
				GCC_PRECOMPILE_PREFIX_HEADER = YES;
				GCC_PREFIX_HEADER = "TyphoonTracker/TyphoonTracker-Prefix.pch";
				INFOPLIST_FILE = "TyphoonTracker/TyphoonTracker-Info.plist";
				IPHONEOS_DEPLOYMENT_TARGET = 8.1;
				PRODUCT_NAME = "$(TARGET_NAME)";
				PROVISIONING_PROFILE = "ab5332e2-42dd-4fb5-af6a-37166e5461cc";
				TARGETED_DEVICE_FAMILY = "1,2";
				WRAPPER_EXTENSION = app;
			};
			name = Release;
		};
		ED009E2F1986224200D8C9EA /* Debug */ = {
			isa = XCBuildConfiguration;
			buildSettings = {
				BUNDLE_LOADER = "$(BUILT_PRODUCTS_DIR)/TyphoonTracker.app/TyphoonTracker";
				FRAMEWORK_SEARCH_PATHS = (
					"$(SDKROOT)/Developer/Library/Frameworks",
					"$(inherited)",
					"$(DEVELOPER_FRAMEWORKS_DIR)",
				);
				GCC_PRECOMPILE_PREFIX_HEADER = YES;
				GCC_PREFIX_HEADER = "TyphoonTracker/TyphoonTracker-Prefix.pch";
				GCC_PREPROCESSOR_DEFINITIONS = (
					"DEBUG=1",
					"$(inherited)",
				);
				INFOPLIST_FILE = "TyphoonTrackerTests/TyphoonTrackerTests-Info.plist";
				PRODUCT_NAME = "$(TARGET_NAME)";
				TEST_HOST = "$(BUNDLE_LOADER)";
				WRAPPER_EXTENSION = xctest;
			};
			name = Debug;
		};
		ED009E301986224200D8C9EA /* Release */ = {
			isa = XCBuildConfiguration;
			buildSettings = {
				BUNDLE_LOADER = "$(BUILT_PRODUCTS_DIR)/TyphoonTracker.app/TyphoonTracker";
				FRAMEWORK_SEARCH_PATHS = (
					"$(SDKROOT)/Developer/Library/Frameworks",
					"$(inherited)",
					"$(DEVELOPER_FRAMEWORKS_DIR)",
				);
				GCC_PRECOMPILE_PREFIX_HEADER = YES;
				GCC_PREFIX_HEADER = "TyphoonTracker/TyphoonTracker-Prefix.pch";
				INFOPLIST_FILE = "TyphoonTrackerTests/TyphoonTrackerTests-Info.plist";
				PRODUCT_NAME = "$(TARGET_NAME)";
				TEST_HOST = "$(BUNDLE_LOADER)";
				WRAPPER_EXTENSION = xctest;
			};
			name = Release;
		};
/* End XCBuildConfiguration section */

/* Begin XCConfigurationList section */
		ED009DF11986224100D8C9EA /* Build configuration list for PBXProject "TyphoonTracker" */ = {
			isa = XCConfigurationList;
			buildConfigurations = (
				ED009E291986224200D8C9EA /* Debug */,
				ED009E2A1986224200D8C9EA /* Release */,
			);
			defaultConfigurationIsVisible = 0;
			defaultConfigurationName = Release;
		};
		ED009E2B1986224200D8C9EA /* Build configuration list for PBXNativeTarget "TyphoonTracker" */ = {
			isa = XCConfigurationList;
			buildConfigurations = (
				ED009E2C1986224200D8C9EA /* Debug */,
				ED009E2D1986224200D8C9EA /* Release */,
			);
			defaultConfigurationIsVisible = 0;
			defaultConfigurationName = Release;
		};
		ED009E2E1986224200D8C9EA /* Build configuration list for PBXNativeTarget "TyphoonTrackerTests" */ = {
			isa = XCConfigurationList;
			buildConfigurations = (
				ED009E2F1986224200D8C9EA /* Debug */,
				ED009E301986224200D8C9EA /* Release */,
			);
			defaultConfigurationIsVisible = 0;
			defaultConfigurationName = Release;
		};
/* End XCConfigurationList section */
	};
	rootObject = ED009DEE1986224100D8C9EA /* Project object */;
}
